// !$*UTF8*$!
{
	archiveVersion = 1;
	classes = {
	};
	objectVersion = 51;
	objects = {

/* Begin PBXBuildFile section */
		28097D47243D281F00F97916 /* AppDelegate.swift in Sources */ = {isa = PBXBuildFile; fileRef = 28097D46243D281F00F97916 /* AppDelegate.swift */; };
		28097D49243D281F00F97916 /* SceneDelegate.swift in Sources */ = {isa = PBXBuildFile; fileRef = 28097D48243D281F00F97916 /* SceneDelegate.swift */; };
		28097D4D243D282100F97916 /* Assets.xcassets in Resources */ = {isa = PBXBuildFile; fileRef = 28097D4C243D282100F97916 /* Assets.xcassets */; };
		28097D50243D282100F97916 /* Preview Assets.xcassets in Resources */ = {isa = PBXBuildFile; fileRef = 28097D4F243D282100F97916 /* Preview Assets.xcassets */; };
		28097D53243D282100F97916 /* LaunchScreen.storyboard in Resources */ = {isa = PBXBuildFile; fileRef = 28097D51243D282100F97916 /* LaunchScreen.storyboard */; };
		28097D5B243D397400F97916 /* bootconfig.plist in Resources */ = {isa = PBXBuildFile; fileRef = 28097D5A243D397400F97916 /* bootconfig.plist */; };
		28097D62243DA72500F97916 /* LoginManager.swift in Sources */ = {isa = PBXBuildFile; fileRef = 28097D61243DA72500F97916 /* LoginManager.swift */; };
		28097D67243DAB6700F97916 /* View+AnyView.swift in Sources */ = {isa = PBXBuildFile; fileRef = 28097D66243DAB6700F97916 /* View+AnyView.swift */; };
		28097D6A243DADC400F97916 /* PlaygroundView.swift in Sources */ = {isa = PBXBuildFile; fileRef = 28097D69243DADC400F97916 /* PlaygroundView.swift */; };
		28097D6C243DC41400F97916 /* Spinner.swift in Sources */ = {isa = PBXBuildFile; fileRef = 28097D6B243DC41400F97916 /* Spinner.swift */; };
		28097D7C243DCDD400F97916 /* SyncDownPlayground.swift in Sources */ = {isa = PBXBuildFile; fileRef = 28097D7B243DCDD400F97916 /* SyncDownPlayground.swift */; };
		28251CF7246C01F10083A97A /* BoolField.swift in Sources */ = {isa = PBXBuildFile; fileRef = 28251CF6246C01F10083A97A /* BoolField.swift */; };
		28251CF9246C1D520083A97A /* WarningLogger.swift in Sources */ = {isa = PBXBuildFile; fileRef = 28251CF8246C1D520083A97A /* WarningLogger.swift */; };
		283DC3C02472860B00DAFF60 /* ManagedObjectType.swift in Sources */ = {isa = PBXBuildFile; fileRef = 283DC3BF2472860B00DAFF60 /* ManagedObjectType.swift */; };
		283DC3CD247297F900DAFF60 /* Result+ForceUnwrap.swift in Sources */ = {isa = PBXBuildFile; fileRef = 283DC3CC247297F900DAFF60 /* Result+ForceUnwrap.swift */; };
		283DC3CF2472A61300DAFF60 /* HavingId.swift in Sources */ = {isa = PBXBuildFile; fileRef = 283DC3CE2472A61300DAFF60 /* HavingId.swift */; };
		283DC3D12472A7F000DAFF60 /* Optional+Description.swift in Sources */ = {isa = PBXBuildFile; fileRef = 283DC3D02472A7F000DAFF60 /* Optional+Description.swift */; };
		2840BC502447187400C2E896 /* DemoExternalSoup.swift in Sources */ = {isa = PBXBuildFile; fileRef = 2840BC4F2447187400C2E896 /* DemoExternalSoup.swift */; };
		284DEC242476A8BA0071F32C /* Base64Field.swift in Sources */ = {isa = PBXBuildFile; fileRef = 284DEC232476A8BA0071F32C /* Base64Field.swift */; };
		284DEC262476DB390071F32C /* CurrencyField.swift in Sources */ = {isa = PBXBuildFile; fileRef = 284DEC252476DB390071F32C /* CurrencyField.swift */; };
		28610F18246EB63C0077F316 /* CoreDataSoupAccessor.swift in Sources */ = {isa = PBXBuildFile; fileRef = 28610F17246EB63C0077F316 /* CoreDataSoupAccessor.swift */; };
		2865367E2484DE780063DF83 /* CoreDataSoupEntryUpsertQueue.swift in Sources */ = {isa = PBXBuildFile; fileRef = 2865367D2484DE780063DF83 /* CoreDataSoupEntryUpsertQueue.swift */; };
		286536802484EA1E0063DF83 /* Array+RemoveAndReturn.swift in Sources */ = {isa = PBXBuildFile; fileRef = 2865367F2484EA1E0063DF83 /* Array+RemoveAndReturn.swift */; };
		286536822485130B0063DF83 /* SFChildRelationship.swift in Sources */ = {isa = PBXBuildFile; fileRef = 286536812485130B0063DF83 /* SFChildRelationship.swift */; };
		28653684248634980063DF83 /* CoreDataSoupRelationshipContext.swift in Sources */ = {isa = PBXBuildFile; fileRef = 28653683248634980063DF83 /* CoreDataSoupRelationshipContext.swift */; };
		286BD4322473DDA400162533 /* CompoundEntryMapper.swift in Sources */ = {isa = PBXBuildFile; fileRef = 286BD4312473DDA400162533 /* CompoundEntryMapper.swift */; };
		286BD4362474081700162533 /* CoreDataSoupMetadata.swift in Sources */ = {isa = PBXBuildFile; fileRef = 286BD4352474081700162533 /* CoreDataSoupMetadata.swift */; };
		28794943245AAD0C003C1C8E /* Optional+ForceUnwrap.swift in Sources */ = {isa = PBXBuildFile; fileRef = 28794942245AAD0C003C1C8E /* Optional+ForceUnwrap.swift */; };
		28794950245AF92F003C1C8E /* User.swift in Sources */ = {isa = PBXBuildFile; fileRef = 2879494F245AF92F003C1C8E /* User.swift */; };
		28794952245AF983003C1C8E /* HavingName.swift in Sources */ = {isa = PBXBuildFile; fileRef = 28794951245AF983003C1C8E /* HavingName.swift */; };
		28794956245AFA3E003C1C8E /* ManagedUser.swift in Sources */ = {isa = PBXBuildFile; fileRef = 28794955245AFA3E003C1C8E /* ManagedUser.swift */; };
		28794959245AFAFA003C1C8E /* Lead.swift in Sources */ = {isa = PBXBuildFile; fileRef = 28794958245AFAFA003C1C8E /* Lead.swift */; };
		2879495B245AFB40003C1C8E /* ManagedLead.swift in Sources */ = {isa = PBXBuildFile; fileRef = 2879495A245AFB40003C1C8E /* ManagedLead.swift */; };
		2879495E2462D6A6003C1C8E /* CoreDataSoupMetadataFactory.swift in Sources */ = {isa = PBXBuildFile; fileRef = 2879495D2462D6A6003C1C8E /* CoreDataSoupMetadataFactory.swift */; };
		287949602462D878003C1C8E /* MetadataSyncManager+LoadFromCache.swift in Sources */ = {isa = PBXBuildFile; fileRef = 2879495F2462D878003C1C8E /* MetadataSyncManager+LoadFromCache.swift */; };
		287949662464299D003C1C8E /* SoupEntryIdConverter.swift in Sources */ = {isa = PBXBuildFile; fileRef = 287949652464299D003C1C8E /* SoupEntryIdConverter.swift */; };
		2879496824644374003C1C8E /* CoreDataSoup.swift in Sources */ = {isa = PBXBuildFile; fileRef = 2879496724644374003C1C8E /* CoreDataSoup.swift */; };
		2879496A246538A5003C1C8E /* BaseFieldMapper.swift in Sources */ = {isa = PBXBuildFile; fileRef = 28794969246538A5003C1C8E /* BaseFieldMapper.swift */; };
		2879496D24653D78003C1C8E /* FieldProtocols.swift in Sources */ = {isa = PBXBuildFile; fileRef = 2879496C24653D78003C1C8E /* FieldProtocols.swift */; };
		2879497124653FF6003C1C8E /* SFField.swift in Sources */ = {isa = PBXBuildFile; fileRef = 2879497024653FF6003C1C8E /* SFField.swift */; };
		28794973246548EB003C1C8E /* StringField.swift in Sources */ = {isa = PBXBuildFile; fileRef = 28794972246548EB003C1C8E /* StringField.swift */; };
		28794975246552BE003C1C8E /* SoupEntryIdMapper.swift in Sources */ = {isa = PBXBuildFile; fileRef = 28794974246552BE003C1C8E /* SoupEntryIdMapper.swift */; };
		28794977246581B0003C1C8E /* NumberField.swift in Sources */ = {isa = PBXBuildFile; fileRef = 28794976246581B0003C1C8E /* NumberField.swift */; };
		28794979246583F8003C1C8E /* AttributesMapper.swift in Sources */ = {isa = PBXBuildFile; fileRef = 28794978246583F8003C1C8E /* AttributesMapper.swift */; };
		28AF501C244D96C600E6EB83 /* Then+Update.swift in Sources */ = {isa = PBXBuildFile; fileRef = 28AF501B244D96C600E6EB83 /* Then+Update.swift */; };
		28AF501F244ED43A00E6EB83 /* LeadDetailsView.swift in Sources */ = {isa = PBXBuildFile; fileRef = 28AF501E244ED43A00E6EB83 /* LeadDetailsView.swift */; };
		28B53B07247557F900D226C2 /* SyncIdMapper.swift in Sources */ = {isa = PBXBuildFile; fileRef = 28B53B06247557F900D226C2 /* SyncIdMapper.swift */; };
		28B53B092475594300D226C2 /* BaseField.swift in Sources */ = {isa = PBXBuildFile; fileRef = 28B53B082475594300D226C2 /* BaseField.swift */; };
		28B8A798244F22D600FAE3A4 /* PseudoSmartStore.h in Headers */ = {isa = PBXBuildFile; fileRef = 28B8A796244F22D600FAE3A4 /* PseudoSmartStore.h */; settings = {ATTRIBUTES = (Public, ); }; };
		28B8A79B244F22D600FAE3A4 /* PseudoSmartStore.framework in Frameworks */ = {isa = PBXBuildFile; fileRef = 28B8A794244F22D600FAE3A4 /* PseudoSmartStore.framework */; };
		28B8A79C244F22D600FAE3A4 /* PseudoSmartStore.framework in Embed Frameworks */ = {isa = PBXBuildFile; fileRef = 28B8A794244F22D600FAE3A4 /* PseudoSmartStore.framework */; settings = {ATTRIBUTES = (CodeSignOnCopy, RemoveHeadersOnCopy, ); }; };
		28B8A7A2244F23BA00FAE3A4 /* ExternalSoup.swift in Sources */ = {isa = PBXBuildFile; fileRef = 2840BC482445B3CB00C2E896 /* ExternalSoup.swift */; };
		28B8A7A3244F23BA00FAE3A4 /* SoupEntry+Common.swift in Sources */ = {isa = PBXBuildFile; fileRef = 2840BC4A2445B46900C2E896 /* SoupEntry+Common.swift */; };
		28B8A7A4244F23BA00FAE3A4 /* PseudoSmartStore.swift in Sources */ = {isa = PBXBuildFile; fileRef = 28097D7F243EF88000F97916 /* PseudoSmartStore.swift */; };
		28B8A7A5244F23C200FAE3A4 /* SimpleProxy.m in Sources */ = {isa = PBXBuildFile; fileRef = 28097D79243DCC1800F97916 /* SimpleProxy.m */; };
		28B8A7A6244F252000FAE3A4 /* SimpleProxy.h in Headers */ = {isa = PBXBuildFile; fileRef = 28097D78243DCC1800F97916 /* SimpleProxy.h */; settings = {ATTRIBUTES = (Public, ); }; };
		28B8A7A7244F254C00FAE3A4 /* String+SafeRemove.swift in Sources */ = {isa = PBXBuildFile; fileRef = 2840BC51244836FE00C2E896 /* String+SafeRemove.swift */; };
		28B8A7AC2450534800FAE3A4 /* Model.xcdatamodeld in Sources */ = {isa = PBXBuildFile; fileRef = 28B8A7AA2450534800FAE3A4 /* Model.xcdatamodeld */; };
		28B8A7AD24507ABB00FAE3A4 /* CallStackFrame.swift in Sources */ = {isa = PBXBuildFile; fileRef = 28097D822440618C00F97916 /* CallStackFrame.swift */; };
		28B8A7AF2450980600FAE3A4 /* AsyncLazy.swift in Sources */ = {isa = PBXBuildFile; fileRef = 28B8A7AE2450980600FAE3A4 /* AsyncLazy.swift */; };
		28B8A7B32451FC9300FAE3A4 /* AppContext.swift in Sources */ = {isa = PBXBuildFile; fileRef = 28B8A7B22451FC9300FAE3A4 /* AppContext.swift */; };
		28B8A7B52452211400FAE3A4 /* ObservableModel.swift in Sources */ = {isa = PBXBuildFile; fileRef = 28B8A7B42452211400FAE3A4 /* ObservableModel.swift */; };
		28B8A7B72452245A00FAE3A4 /* AppScreen.swift in Sources */ = {isa = PBXBuildFile; fileRef = 28B8A7B62452245A00FAE3A4 /* AppScreen.swift */; };
		28C0D341247B9A4200AD2FE3 /* KVCProperty.swift in Sources */ = {isa = PBXBuildFile; fileRef = 28C0D340247B9A4200AD2FE3 /* KVCProperty.swift */; };
		28D0C4B124522F5F005529E2 /* LazyView.swift in Sources */ = {isa = PBXBuildFile; fileRef = 28D0C4B024522F5F005529E2 /* LazyView.swift */; };
		28D0C4B624534414005529E2 /* LoginView.swift in Sources */ = {isa = PBXBuildFile; fileRef = 28D0C4B524534414005529E2 /* LoginView.swift */; };
		28D0C4BA2456C449005529E2 /* UserContext.swift in Sources */ = {isa = PBXBuildFile; fileRef = 28D0C4B92456C449005529E2 /* UserContext.swift */; };
		28D0C4BE2456DB74005529E2 /* AppScreenView.swift in Sources */ = {isa = PBXBuildFile; fileRef = 28D0C4BD2456DB74005529E2 /* AppScreenView.swift */; };
		28D0C4C42459D0FC005529E2 /* UserContextManager.swift in Sources */ = {isa = PBXBuildFile; fileRef = 28D0C4C32459D0FC005529E2 /* UserContextManager.swift */; };
		28D0C4C72459DE6E005529E2 /* CoreDataStack.swift in Sources */ = {isa = PBXBuildFile; fileRef = 28D0C4C62459DE6E005529E2 /* CoreDataStack.swift */; };
		28DBED00247E8BF5002FE90C /* Relationship.swift in Sources */ = {isa = PBXBuildFile; fileRef = 28DBECFF247E8BF5002FE90C /* Relationship.swift */; };
		28DBED04247FE0E8002FE90C /* ThenTypes.swift in Sources */ = {isa = PBXBuildFile; fileRef = 28DBED03247FE0E8002FE90C /* ThenTypes.swift */; };
		28DBED06247FF226002FE90C /* AppDelegate+WindowPatch.swift in Sources */ = {isa = PBXBuildFile; fileRef = 28DBED05247FF226002FE90C /* AppDelegate+WindowPatch.swift */; };
		28DBED0A24800859002FE90C /* ChildRelationship.swift in Sources */ = {isa = PBXBuildFile; fileRef = 28DBED0924800859002FE90C /* ChildRelationship.swift */; };
		28DBED0E24811B56002FE90C /* MultiTaskTracker.swift in Sources */ = {isa = PBXBuildFile; fileRef = 28DBED0D24811B56002FE90C /* MultiTaskTracker.swift */; };
		902F10E86C78C3FCB2F1A34F /* Pods_Zaploy.framework in Frameworks */ = {isa = PBXBuildFile; fileRef = D2978527E0375EDFF1938411 /* Pods_Zaploy.framework */; };
		FECB8A347424CBA610CF5086 /* Pods_PseudoSmartStore.framework in Frameworks */ = {isa = PBXBuildFile; fileRef = 73B9E36017328E4A16D8ECCB /* Pods_PseudoSmartStore.framework */; };
/* End PBXBuildFile section */

/* Begin PBXContainerItemProxy section */
		28B8A799244F22D600FAE3A4 /* PBXContainerItemProxy */ = {
			isa = PBXContainerItemProxy;
			containerPortal = 28097D3B243D281F00F97916 /* Project object */;
			proxyType = 1;
			remoteGlobalIDString = 28B8A793244F22D600FAE3A4;
			remoteInfo = PseudoSmartStore;
		};
/* End PBXContainerItemProxy section */

/* Begin PBXCopyFilesBuildPhase section */
		28B8A7A0244F22D600FAE3A4 /* Embed Frameworks */ = {
			isa = PBXCopyFilesBuildPhase;
			buildActionMask = 2147483647;
			dstPath = "";
			dstSubfolderSpec = 10;
			files = (
				28B8A79C244F22D600FAE3A4 /* PseudoSmartStore.framework in Embed Frameworks */,
			);
			name = "Embed Frameworks";
			runOnlyForDeploymentPostprocessing = 0;
		};
/* End PBXCopyFilesBuildPhase section */

/* Begin PBXFileReference section */
		27F81F8ED1A2B563452FC0B8 /* Pods-Zaploy.release.xcconfig */ = {isa = PBXFileReference; includeInIndex = 1; lastKnownFileType = text.xcconfig; name = "Pods-Zaploy.release.xcconfig"; path = "Target Support Files/Pods-Zaploy/Pods-Zaploy.release.xcconfig"; sourceTree = "<group>"; };
		28097D43243D281F00F97916 /* Zaploy.app */ = {isa = PBXFileReference; explicitFileType = wrapper.application; includeInIndex = 0; path = Zaploy.app; sourceTree = BUILT_PRODUCTS_DIR; };
		28097D46243D281F00F97916 /* AppDelegate.swift */ = {isa = PBXFileReference; lastKnownFileType = sourcecode.swift; path = AppDelegate.swift; sourceTree = "<group>"; };
		28097D48243D281F00F97916 /* SceneDelegate.swift */ = {isa = PBXFileReference; lastKnownFileType = sourcecode.swift; path = SceneDelegate.swift; sourceTree = "<group>"; };
		28097D4C243D282100F97916 /* Assets.xcassets */ = {isa = PBXFileReference; lastKnownFileType = folder.assetcatalog; path = Assets.xcassets; sourceTree = "<group>"; };
		28097D4F243D282100F97916 /* Preview Assets.xcassets */ = {isa = PBXFileReference; lastKnownFileType = folder.assetcatalog; path = "Preview Assets.xcassets"; sourceTree = "<group>"; };
		28097D52243D282100F97916 /* Base */ = {isa = PBXFileReference; lastKnownFileType = file.storyboard; name = Base; path = Base.lproj/LaunchScreen.storyboard; sourceTree = "<group>"; };
		28097D54243D282100F97916 /* Info.plist */ = {isa = PBXFileReference; lastKnownFileType = text.plist.xml; path = Info.plist; sourceTree = "<group>"; };
		28097D5A243D397400F97916 /* bootconfig.plist */ = {isa = PBXFileReference; fileEncoding = 4; lastKnownFileType = text.plist.xml; path = bootconfig.plist; sourceTree = "<group>"; };
		28097D61243DA72500F97916 /* LoginManager.swift */ = {isa = PBXFileReference; lastKnownFileType = sourcecode.swift; path = LoginManager.swift; sourceTree = "<group>"; };
		28097D66243DAB6700F97916 /* View+AnyView.swift */ = {isa = PBXFileReference; fileEncoding = 4; lastKnownFileType = sourcecode.swift; path = "View+AnyView.swift"; sourceTree = "<group>"; };
		28097D69243DADC400F97916 /* PlaygroundView.swift */ = {isa = PBXFileReference; lastKnownFileType = sourcecode.swift; path = PlaygroundView.swift; sourceTree = "<group>"; };
		28097D6B243DC41400F97916 /* Spinner.swift */ = {isa = PBXFileReference; lastKnownFileType = sourcecode.swift; path = Spinner.swift; sourceTree = "<group>"; };
		28097D77243DCC1800F97916 /* Zaploy-Bridging-Header.h */ = {isa = PBXFileReference; lastKnownFileType = sourcecode.c.h; path = "Zaploy-Bridging-Header.h"; sourceTree = "<group>"; };
		28097D78243DCC1800F97916 /* SimpleProxy.h */ = {isa = PBXFileReference; lastKnownFileType = sourcecode.c.h; path = SimpleProxy.h; sourceTree = "<group>"; };
		28097D79243DCC1800F97916 /* SimpleProxy.m */ = {isa = PBXFileReference; lastKnownFileType = sourcecode.c.objc; path = SimpleProxy.m; sourceTree = "<group>"; };
		28097D7B243DCDD400F97916 /* SyncDownPlayground.swift */ = {isa = PBXFileReference; lastKnownFileType = sourcecode.swift; path = SyncDownPlayground.swift; sourceTree = "<group>"; };
		28097D7F243EF88000F97916 /* PseudoSmartStore.swift */ = {isa = PBXFileReference; lastKnownFileType = sourcecode.swift; path = PseudoSmartStore.swift; sourceTree = "<group>"; };
		28097D822440618C00F97916 /* CallStackFrame.swift */ = {isa = PBXFileReference; lastKnownFileType = sourcecode.swift; path = CallStackFrame.swift; sourceTree = "<group>"; };
		28251CF6246C01F10083A97A /* BoolField.swift */ = {isa = PBXFileReference; lastKnownFileType = sourcecode.swift; path = BoolField.swift; sourceTree = "<group>"; };
		28251CF8246C1D520083A97A /* WarningLogger.swift */ = {isa = PBXFileReference; lastKnownFileType = sourcecode.swift; path = WarningLogger.swift; sourceTree = "<group>"; };
		283DC3BF2472860B00DAFF60 /* ManagedObjectType.swift */ = {isa = PBXFileReference; fileEncoding = 4; lastKnownFileType = sourcecode.swift; path = ManagedObjectType.swift; sourceTree = "<group>"; };
		283DC3CC247297F900DAFF60 /* Result+ForceUnwrap.swift */ = {isa = PBXFileReference; lastKnownFileType = sourcecode.swift; path = "Result+ForceUnwrap.swift"; sourceTree = "<group>"; };
		283DC3CE2472A61300DAFF60 /* HavingId.swift */ = {isa = PBXFileReference; lastKnownFileType = sourcecode.swift; path = HavingId.swift; sourceTree = "<group>"; };
		283DC3D02472A7F000DAFF60 /* Optional+Description.swift */ = {isa = PBXFileReference; lastKnownFileType = sourcecode.swift; path = "Optional+Description.swift"; sourceTree = "<group>"; };
		2840BC482445B3CB00C2E896 /* ExternalSoup.swift */ = {isa = PBXFileReference; lastKnownFileType = sourcecode.swift; path = ExternalSoup.swift; sourceTree = "<group>"; };
		2840BC4A2445B46900C2E896 /* SoupEntry+Common.swift */ = {isa = PBXFileReference; lastKnownFileType = sourcecode.swift; path = "SoupEntry+Common.swift"; sourceTree = "<group>"; };
		2840BC4F2447187400C2E896 /* DemoExternalSoup.swift */ = {isa = PBXFileReference; lastKnownFileType = sourcecode.swift; path = DemoExternalSoup.swift; sourceTree = "<group>"; };
		2840BC51244836FE00C2E896 /* String+SafeRemove.swift */ = {isa = PBXFileReference; lastKnownFileType = sourcecode.swift; path = "String+SafeRemove.swift"; sourceTree = "<group>"; };
		284DEC232476A8BA0071F32C /* Base64Field.swift */ = {isa = PBXFileReference; lastKnownFileType = sourcecode.swift; path = Base64Field.swift; sourceTree = "<group>"; };
		284DEC252476DB390071F32C /* CurrencyField.swift */ = {isa = PBXFileReference; lastKnownFileType = sourcecode.swift; path = CurrencyField.swift; sourceTree = "<group>"; };
		28610F17246EB63C0077F316 /* CoreDataSoupAccessor.swift */ = {isa = PBXFileReference; lastKnownFileType = sourcecode.swift; path = CoreDataSoupAccessor.swift; sourceTree = "<group>"; };
		2865367D2484DE780063DF83 /* CoreDataSoupEntryUpsertQueue.swift */ = {isa = PBXFileReference; lastKnownFileType = sourcecode.swift; path = CoreDataSoupEntryUpsertQueue.swift; sourceTree = "<group>"; };
		2865367F2484EA1E0063DF83 /* Array+RemoveAndReturn.swift */ = {isa = PBXFileReference; lastKnownFileType = sourcecode.swift; path = "Array+RemoveAndReturn.swift"; sourceTree = "<group>"; };
		286536812485130B0063DF83 /* SFChildRelationship.swift */ = {isa = PBXFileReference; lastKnownFileType = sourcecode.swift; path = SFChildRelationship.swift; sourceTree = "<group>"; };
		28653683248634980063DF83 /* CoreDataSoupRelationshipContext.swift */ = {isa = PBXFileReference; lastKnownFileType = sourcecode.swift; path = CoreDataSoupRelationshipContext.swift; sourceTree = "<group>"; };
		286BD4312473DDA400162533 /* CompoundEntryMapper.swift */ = {isa = PBXFileReference; lastKnownFileType = sourcecode.swift; path = CompoundEntryMapper.swift; sourceTree = "<group>"; };
		286BD4352474081700162533 /* CoreDataSoupMetadata.swift */ = {isa = PBXFileReference; lastKnownFileType = sourcecode.swift; path = CoreDataSoupMetadata.swift; sourceTree = "<group>"; };
		28794942245AAD0C003C1C8E /* Optional+ForceUnwrap.swift */ = {isa = PBXFileReference; lastKnownFileType = sourcecode.swift; path = "Optional+ForceUnwrap.swift"; sourceTree = "<group>"; };
		2879494F245AF92F003C1C8E /* User.swift */ = {isa = PBXFileReference; lastKnownFileType = sourcecode.swift; path = User.swift; sourceTree = "<group>"; };
		28794951245AF983003C1C8E /* HavingName.swift */ = {isa = PBXFileReference; lastKnownFileType = sourcecode.swift; path = HavingName.swift; sourceTree = "<group>"; };
		28794955245AFA3E003C1C8E /* ManagedUser.swift */ = {isa = PBXFileReference; lastKnownFileType = sourcecode.swift; path = ManagedUser.swift; sourceTree = "<group>"; };
		28794958245AFAFA003C1C8E /* Lead.swift */ = {isa = PBXFileReference; lastKnownFileType = sourcecode.swift; path = Lead.swift; sourceTree = "<group>"; };
		2879495A245AFB40003C1C8E /* ManagedLead.swift */ = {isa = PBXFileReference; lastKnownFileType = sourcecode.swift; path = ManagedLead.swift; sourceTree = "<group>"; };
		2879495D2462D6A6003C1C8E /* CoreDataSoupMetadataFactory.swift */ = {isa = PBXFileReference; lastKnownFileType = sourcecode.swift; path = CoreDataSoupMetadataFactory.swift; sourceTree = "<group>"; };
		2879495F2462D878003C1C8E /* MetadataSyncManager+LoadFromCache.swift */ = {isa = PBXFileReference; lastKnownFileType = sourcecode.swift; path = "MetadataSyncManager+LoadFromCache.swift"; sourceTree = "<group>"; };
		287949652464299D003C1C8E /* SoupEntryIdConverter.swift */ = {isa = PBXFileReference; lastKnownFileType = sourcecode.swift; path = SoupEntryIdConverter.swift; sourceTree = "<group>"; };
		2879496724644374003C1C8E /* CoreDataSoup.swift */ = {isa = PBXFileReference; lastKnownFileType = sourcecode.swift; path = CoreDataSoup.swift; sourceTree = "<group>"; };
		28794969246538A5003C1C8E /* BaseFieldMapper.swift */ = {isa = PBXFileReference; lastKnownFileType = sourcecode.swift; path = BaseFieldMapper.swift; sourceTree = "<group>"; };
		2879496C24653D78003C1C8E /* FieldProtocols.swift */ = {isa = PBXFileReference; lastKnownFileType = sourcecode.swift; path = FieldProtocols.swift; sourceTree = "<group>"; };
		2879497024653FF6003C1C8E /* SFField.swift */ = {isa = PBXFileReference; lastKnownFileType = sourcecode.swift; path = SFField.swift; sourceTree = "<group>"; };
		28794972246548EB003C1C8E /* StringField.swift */ = {isa = PBXFileReference; lastKnownFileType = sourcecode.swift; path = StringField.swift; sourceTree = "<group>"; };
		28794974246552BE003C1C8E /* SoupEntryIdMapper.swift */ = {isa = PBXFileReference; lastKnownFileType = sourcecode.swift; path = SoupEntryIdMapper.swift; sourceTree = "<group>"; };
		28794976246581B0003C1C8E /* NumberField.swift */ = {isa = PBXFileReference; lastKnownFileType = sourcecode.swift; path = NumberField.swift; sourceTree = "<group>"; };
		28794978246583F8003C1C8E /* AttributesMapper.swift */ = {isa = PBXFileReference; lastKnownFileType = sourcecode.swift; path = AttributesMapper.swift; sourceTree = "<group>"; };
		28AF501B244D96C600E6EB83 /* Then+Update.swift */ = {isa = PBXFileReference; lastKnownFileType = sourcecode.swift; path = "Then+Update.swift"; sourceTree = "<group>"; };
		28AF501E244ED43A00E6EB83 /* LeadDetailsView.swift */ = {isa = PBXFileReference; lastKnownFileType = sourcecode.swift; path = LeadDetailsView.swift; sourceTree = "<group>"; };
		28B53B06247557F900D226C2 /* SyncIdMapper.swift */ = {isa = PBXFileReference; lastKnownFileType = sourcecode.swift; path = SyncIdMapper.swift; sourceTree = "<group>"; };
		28B53B082475594300D226C2 /* BaseField.swift */ = {isa = PBXFileReference; lastKnownFileType = sourcecode.swift; path = BaseField.swift; sourceTree = "<group>"; };
		28B8A794244F22D600FAE3A4 /* PseudoSmartStore.framework */ = {isa = PBXFileReference; explicitFileType = wrapper.framework; includeInIndex = 0; path = PseudoSmartStore.framework; sourceTree = BUILT_PRODUCTS_DIR; };
		28B8A796244F22D600FAE3A4 /* PseudoSmartStore.h */ = {isa = PBXFileReference; lastKnownFileType = sourcecode.c.h; path = PseudoSmartStore.h; sourceTree = "<group>"; };
		28B8A797244F22D600FAE3A4 /* Info.plist */ = {isa = PBXFileReference; lastKnownFileType = text.plist.xml; path = Info.plist; sourceTree = "<group>"; };
		28B8A7AB2450534800FAE3A4 /* Model.xcdatamodel */ = {isa = PBXFileReference; lastKnownFileType = wrapper.xcdatamodel; path = Model.xcdatamodel; sourceTree = "<group>"; };
		28B8A7AE2450980600FAE3A4 /* AsyncLazy.swift */ = {isa = PBXFileReference; fileEncoding = 4; lastKnownFileType = sourcecode.swift; path = AsyncLazy.swift; sourceTree = "<group>"; };
		28B8A7B22451FC9300FAE3A4 /* AppContext.swift */ = {isa = PBXFileReference; lastKnownFileType = sourcecode.swift; path = AppContext.swift; sourceTree = "<group>"; };
		28B8A7B42452211400FAE3A4 /* ObservableModel.swift */ = {isa = PBXFileReference; fileEncoding = 4; lastKnownFileType = sourcecode.swift; path = ObservableModel.swift; sourceTree = "<group>"; };
		28B8A7B62452245A00FAE3A4 /* AppScreen.swift */ = {isa = PBXFileReference; lastKnownFileType = sourcecode.swift; path = AppScreen.swift; sourceTree = "<group>"; };
		28C0D340247B9A4200AD2FE3 /* KVCProperty.swift */ = {isa = PBXFileReference; lastKnownFileType = sourcecode.swift; path = KVCProperty.swift; sourceTree = "<group>"; };
		28D0C4B024522F5F005529E2 /* LazyView.swift */ = {isa = PBXFileReference; fileEncoding = 4; lastKnownFileType = sourcecode.swift; path = LazyView.swift; sourceTree = "<group>"; };
		28D0C4B524534414005529E2 /* LoginView.swift */ = {isa = PBXFileReference; lastKnownFileType = sourcecode.swift; path = LoginView.swift; sourceTree = "<group>"; };
		28D0C4B92456C449005529E2 /* UserContext.swift */ = {isa = PBXFileReference; lastKnownFileType = sourcecode.swift; path = UserContext.swift; sourceTree = "<group>"; };
		28D0C4BD2456DB74005529E2 /* AppScreenView.swift */ = {isa = PBXFileReference; lastKnownFileType = sourcecode.swift; path = AppScreenView.swift; sourceTree = "<group>"; };
		28D0C4C32459D0FC005529E2 /* UserContextManager.swift */ = {isa = PBXFileReference; lastKnownFileType = sourcecode.swift; path = UserContextManager.swift; sourceTree = "<group>"; };
		28D0C4C62459DE6E005529E2 /* CoreDataStack.swift */ = {isa = PBXFileReference; lastKnownFileType = sourcecode.swift; path = CoreDataStack.swift; sourceTree = "<group>"; };
		28DBECFF247E8BF5002FE90C /* Relationship.swift */ = {isa = PBXFileReference; lastKnownFileType = sourcecode.swift; path = Relationship.swift; sourceTree = "<group>"; };
		28DBED03247FE0E8002FE90C /* ThenTypes.swift */ = {isa = PBXFileReference; lastKnownFileType = sourcecode.swift; path = ThenTypes.swift; sourceTree = "<group>"; };
		28DBED05247FF226002FE90C /* AppDelegate+WindowPatch.swift */ = {isa = PBXFileReference; lastKnownFileType = sourcecode.swift; path = "AppDelegate+WindowPatch.swift"; sourceTree = "<group>"; };
		28DBED0924800859002FE90C /* ChildRelationship.swift */ = {isa = PBXFileReference; lastKnownFileType = sourcecode.swift; path = ChildRelationship.swift; sourceTree = "<group>"; };
		28DBED0D24811B56002FE90C /* MultiTaskTracker.swift */ = {isa = PBXFileReference; lastKnownFileType = sourcecode.swift; path = MultiTaskTracker.swift; sourceTree = "<group>"; };
		6C4A97C3C1F76AD8FFA9F39F /* Pods-PseudoSmartStore.release.xcconfig */ = {isa = PBXFileReference; includeInIndex = 1; lastKnownFileType = text.xcconfig; name = "Pods-PseudoSmartStore.release.xcconfig"; path = "Target Support Files/Pods-PseudoSmartStore/Pods-PseudoSmartStore.release.xcconfig"; sourceTree = "<group>"; };
		73B9E36017328E4A16D8ECCB /* Pods_PseudoSmartStore.framework */ = {isa = PBXFileReference; explicitFileType = wrapper.framework; includeInIndex = 0; path = Pods_PseudoSmartStore.framework; sourceTree = BUILT_PRODUCTS_DIR; };
		87DCBC6CD4ECE74F6D7FDFAE /* Pods-Zaploy.debug.xcconfig */ = {isa = PBXFileReference; includeInIndex = 1; lastKnownFileType = text.xcconfig; name = "Pods-Zaploy.debug.xcconfig"; path = "Target Support Files/Pods-Zaploy/Pods-Zaploy.debug.xcconfig"; sourceTree = "<group>"; };
		CB1BC13FE02217B4054435CA /* Pods-PseudoSmartStore.debug.xcconfig */ = {isa = PBXFileReference; includeInIndex = 1; lastKnownFileType = text.xcconfig; name = "Pods-PseudoSmartStore.debug.xcconfig"; path = "Target Support Files/Pods-PseudoSmartStore/Pods-PseudoSmartStore.debug.xcconfig"; sourceTree = "<group>"; };
		D2978527E0375EDFF1938411 /* Pods_Zaploy.framework */ = {isa = PBXFileReference; explicitFileType = wrapper.framework; includeInIndex = 0; path = Pods_Zaploy.framework; sourceTree = BUILT_PRODUCTS_DIR; };
/* End PBXFileReference section */

/* Begin PBXFrameworksBuildPhase section */
		28097D40243D281F00F97916 /* Frameworks */ = {
			isa = PBXFrameworksBuildPhase;
			buildActionMask = 2147483647;
			files = (
				28B8A79B244F22D600FAE3A4 /* PseudoSmartStore.framework in Frameworks */,
				902F10E86C78C3FCB2F1A34F /* Pods_Zaploy.framework in Frameworks */,
			);
			runOnlyForDeploymentPostprocessing = 0;
		};
		28B8A791244F22D600FAE3A4 /* Frameworks */ = {
			isa = PBXFrameworksBuildPhase;
			buildActionMask = 2147483647;
			files = (
				FECB8A347424CBA610CF5086 /* Pods_PseudoSmartStore.framework in Frameworks */,
			);
			runOnlyForDeploymentPostprocessing = 0;
		};
/* End PBXFrameworksBuildPhase section */

/* Begin PBXGroup section */
		28097D3A243D281F00F97916 = {
			isa = PBXGroup;
			children = (
				28097D45243D281F00F97916 /* Zaploy */,
				28B8A795244F22D600FAE3A4 /* PseudoSmartStore */,
				28097D44243D281F00F97916 /* Products */,
				6C1DBF1F04B63BE20A2FC863 /* Pods */,
				D9328C180863F996334CE1CA /* Frameworks */,
			);
			sourceTree = "<group>";
		};
		28097D44243D281F00F97916 /* Products */ = {
			isa = PBXGroup;
			children = (
				28097D43243D281F00F97916 /* Zaploy.app */,
				28B8A794244F22D600FAE3A4 /* PseudoSmartStore.framework */,
			);
			name = Products;
			sourceTree = "<group>";
		};
		28097D45243D281F00F97916 /* Zaploy */ = {
			isa = PBXGroup;
			children = (
				28097D5A243D397400F97916 /* bootconfig.plist */,
				28097D46243D281F00F97916 /* AppDelegate.swift */,
				28097D48243D281F00F97916 /* SceneDelegate.swift */,
				28D0C4C52459DE59005529E2 /* CompositionRoot */,
				28097D812440616B00F97916 /* Utils */,
				2879495C2462D68E003C1C8E /* CoreDataSoup */,
				28097D65243DAB0200F97916 /* Model */,
				28097D5C243DA67200F97916 /* Presentation */,
				28097D4C243D282100F97916 /* Assets.xcassets */,
				28097D51243D282100F97916 /* LaunchScreen.storyboard */,
				28097D54243D282100F97916 /* Info.plist */,
				28097D77243DCC1800F97916 /* Zaploy-Bridging-Header.h */,
				28097D4E243D282100F97916 /* Preview Content */,
			);
			path = Zaploy;
			sourceTree = "<group>";
		};
		28097D4E243D282100F97916 /* Preview Content */ = {
			isa = PBXGroup;
			children = (
				28097D4F243D282100F97916 /* Preview Assets.xcassets */,
			);
			path = "Preview Content";
			sourceTree = "<group>";
		};
		28097D5C243DA67200F97916 /* Presentation */ = {
			isa = PBXGroup;
			children = (
				28B8A7B62452245A00FAE3A4 /* AppScreen.swift */,
				28097D63243DAAE300F97916 /* Utils */,
				28097D64243DAAE900F97916 /* Screens */,
			);
			path = Presentation;
			sourceTree = "<group>";
		};
		28097D63243DAAE300F97916 /* Utils */ = {
			isa = PBXGroup;
			children = (
				28097D66243DAB6700F97916 /* View+AnyView.swift */,
				28097D6B243DC41400F97916 /* Spinner.swift */,
				28B8A7B42452211400FAE3A4 /* ObservableModel.swift */,
				28D0C4B024522F5F005529E2 /* LazyView.swift */,
				28D0C4BD2456DB74005529E2 /* AppScreenView.swift */,
			);
			path = Utils;
			sourceTree = "<group>";
		};
		28097D64243DAAE900F97916 /* Screens */ = {
			isa = PBXGroup;
			children = (
				28D0C4B2245343BE005529E2 /* Login */,
				28097D68243DAD5B00F97916 /* Playground */,
				28AF501D244ED42500E6EB83 /* EntryDetails */,
			);
			path = Screens;
			sourceTree = "<group>";
		};
		28097D65243DAB0200F97916 /* Model */ = {
			isa = PBXGroup;
			children = (
				28097D61243DA72500F97916 /* LoginManager.swift */,
				28D0C4C32459D0FC005529E2 /* UserContextManager.swift */,
				28097D7B243DCDD400F97916 /* SyncDownPlayground.swift */,
				2840BC4F2447187400C2E896 /* DemoExternalSoup.swift */,
				28794946245AF702003C1C8E /* Entities */,
				28B8A7AA2450534800FAE3A4 /* Model.xcdatamodeld */,
			);
			path = Model;
			sourceTree = "<group>";
		};
		28097D68243DAD5B00F97916 /* Playground */ = {
			isa = PBXGroup;
			children = (
				28097D69243DADC400F97916 /* PlaygroundView.swift */,
			);
			path = Playground;
			sourceTree = "<group>";
		};
		28097D812440616B00F97916 /* Utils */ = {
			isa = PBXGroup;
			children = (
				28B8A7AE2450980600FAE3A4 /* AsyncLazy.swift */,
				28AF501B244D96C600E6EB83 /* Then+Update.swift */,
				28DBED03247FE0E8002FE90C /* ThenTypes.swift */,
				28794942245AAD0C003C1C8E /* Optional+ForceUnwrap.swift */,
				283DC3BF2472860B00DAFF60 /* ManagedObjectType.swift */,
				283DC3D02472A7F000DAFF60 /* Optional+Description.swift */,
				28C0D340247B9A4200AD2FE3 /* KVCProperty.swift */,
				28DBED05247FF226002FE90C /* AppDelegate+WindowPatch.swift */,
				28DBED0D24811B56002FE90C /* MultiTaskTracker.swift */,
				2865367F2484EA1E0063DF83 /* Array+RemoveAndReturn.swift */,
			);
			path = Utils;
			sourceTree = "<group>";
		};
		28278A75247556F2003597A0 /* Auxiliary */ = {
			isa = PBXGroup;
			children = (
				28794974246552BE003C1C8E /* SoupEntryIdMapper.swift */,
				28794978246583F8003C1C8E /* AttributesMapper.swift */,
				286BD4312473DDA400162533 /* CompoundEntryMapper.swift */,
				28B53B06247557F900D226C2 /* SyncIdMapper.swift */,
			);
			path = Auxiliary;
			sourceTree = "<group>";
		};
		283DC3CB247297BD00DAFF60 /* Utils */ = {
			isa = PBXGroup;
			children = (
				2879495F2462D878003C1C8E /* MetadataSyncManager+LoadFromCache.swift */,
			);
			path = Utils;
			sourceTree = "<group>";
		};
		28794946245AF702003C1C8E /* Entities */ = {
			isa = PBXGroup;
			children = (
				28794953245AF9C2003C1C8E /* Common */,
				28794957245AFAE8003C1C8E /* Lead */,
				28794954245AFA33003C1C8E /* User */,
			);
			path = Entities;
			sourceTree = "<group>";
		};
		28794953245AF9C2003C1C8E /* Common */ = {
			isa = PBXGroup;
			children = (
				28794951245AF983003C1C8E /* HavingName.swift */,
				283DC3CE2472A61300DAFF60 /* HavingId.swift */,
			);
			path = Common;
			sourceTree = "<group>";
		};
		28794954245AFA33003C1C8E /* User */ = {
			isa = PBXGroup;
			children = (
				2879494F245AF92F003C1C8E /* User.swift */,
				28794955245AFA3E003C1C8E /* ManagedUser.swift */,
			);
			path = User;
			sourceTree = "<group>";
		};
		28794957245AFAE8003C1C8E /* Lead */ = {
			isa = PBXGroup;
			children = (
				28794958245AFAFA003C1C8E /* Lead.swift */,
				2879495A245AFB40003C1C8E /* ManagedLead.swift */,
			);
			path = Lead;
			sourceTree = "<group>";
		};
		2879495C2462D68E003C1C8E /* CoreDataSoup */ = {
			isa = PBXGroup;
			children = (
				2879496724644374003C1C8E /* CoreDataSoup.swift */,
				286BD4352474081700162533 /* CoreDataSoupMetadata.swift */,
				2879495D2462D6A6003C1C8E /* CoreDataSoupMetadataFactory.swift */,
				28610F17246EB63C0077F316 /* CoreDataSoupAccessor.swift */,
				2865367D2484DE780063DF83 /* CoreDataSoupEntryUpsertQueue.swift */,
				28653683248634980063DF83 /* CoreDataSoupRelationshipContext.swift */,
				2879497024653FF6003C1C8E /* SFField.swift */,
				286536812485130B0063DF83 /* SFChildRelationship.swift */,
				2879496B24653D23003C1C8E /* Fields */,
				287949652464299D003C1C8E /* SoupEntryIdConverter.swift */,
				28251CF8246C1D520083A97A /* WarningLogger.swift */,
				283DC3CB247297BD00DAFF60 /* Utils */,
			);
			path = CoreDataSoup;
			sourceTree = "<group>";
		};
		2879496B24653D23003C1C8E /* Fields */ = {
			isa = PBXGroup;
			children = (
				2879496C24653D78003C1C8E /* FieldProtocols.swift */,
				28794969246538A5003C1C8E /* BaseFieldMapper.swift */,
				28B53B082475594300D226C2 /* BaseField.swift */,
				28794972246548EB003C1C8E /* StringField.swift */,
				28794976246581B0003C1C8E /* NumberField.swift */,
				28251CF6246C01F10083A97A /* BoolField.swift */,
				284DEC232476A8BA0071F32C /* Base64Field.swift */,
				284DEC252476DB390071F32C /* CurrencyField.swift */,
				28DBECFF247E8BF5002FE90C /* Relationship.swift */,
				28DBED0924800859002FE90C /* ChildRelationship.swift */,
				28278A75247556F2003597A0 /* Auxiliary */,
			);
			path = Fields;
			sourceTree = "<group>";
		};
		28AF501D244ED42500E6EB83 /* EntryDetails */ = {
			isa = PBXGroup;
			children = (
				28AF501E244ED43A00E6EB83 /* LeadDetailsView.swift */,
			);
			path = EntryDetails;
			sourceTree = "<group>";
		};
		28B8A795244F22D600FAE3A4 /* PseudoSmartStore */ = {
			isa = PBXGroup;
			children = (
				28B8A796244F22D600FAE3A4 /* PseudoSmartStore.h */,
				28B8A7A1244F22E200FAE3A4 /* Source */,
				28B8A797244F22D600FAE3A4 /* Info.plist */,
			);
			path = PseudoSmartStore;
			sourceTree = "<group>";
		};
		28B8A7A1244F22E200FAE3A4 /* Source */ = {
			isa = PBXGroup;
			children = (
				28097D822440618C00F97916 /* CallStackFrame.swift */,
				2840BC482445B3CB00C2E896 /* ExternalSoup.swift */,
				2840BC4A2445B46900C2E896 /* SoupEntry+Common.swift */,
				28097D7F243EF88000F97916 /* PseudoSmartStore.swift */,
				28097D78243DCC1800F97916 /* SimpleProxy.h */,
				28097D79243DCC1800F97916 /* SimpleProxy.m */,
				2840BC51244836FE00C2E896 /* String+SafeRemove.swift */,
			);
			path = Source;
			sourceTree = "<group>";
		};
		28D0C4B2245343BE005529E2 /* Login */ = {
			isa = PBXGroup;
			children = (
				28D0C4B524534414005529E2 /* LoginView.swift */,
			);
			path = Login;
			sourceTree = "<group>";
		};
		28D0C4C52459DE59005529E2 /* CompositionRoot */ = {
			isa = PBXGroup;
			children = (
				28B8A7B22451FC9300FAE3A4 /* AppContext.swift */,
				28D0C4B92456C449005529E2 /* UserContext.swift */,
				28D0C4C62459DE6E005529E2 /* CoreDataStack.swift */,
				283DC3CC247297F900DAFF60 /* Result+ForceUnwrap.swift */,
			);
			path = CompositionRoot;
			sourceTree = "<group>";
		};
		6C1DBF1F04B63BE20A2FC863 /* Pods */ = {
			isa = PBXGroup;
			children = (
				87DCBC6CD4ECE74F6D7FDFAE /* Pods-Zaploy.debug.xcconfig */,
				27F81F8ED1A2B563452FC0B8 /* Pods-Zaploy.release.xcconfig */,
				CB1BC13FE02217B4054435CA /* Pods-PseudoSmartStore.debug.xcconfig */,
				6C4A97C3C1F76AD8FFA9F39F /* Pods-PseudoSmartStore.release.xcconfig */,
			);
			path = Pods;
			sourceTree = "<group>";
		};
		D9328C180863F996334CE1CA /* Frameworks */ = {
			isa = PBXGroup;
			children = (
				D2978527E0375EDFF1938411 /* Pods_Zaploy.framework */,
				73B9E36017328E4A16D8ECCB /* Pods_PseudoSmartStore.framework */,
			);
			name = Frameworks;
			sourceTree = "<group>";
		};
/* End PBXGroup section */

/* Begin PBXHeadersBuildPhase section */
		28B8A78F244F22D600FAE3A4 /* Headers */ = {
			isa = PBXHeadersBuildPhase;
			buildActionMask = 2147483647;
			files = (
				28B8A798244F22D600FAE3A4 /* PseudoSmartStore.h in Headers */,
				28B8A7A6244F252000FAE3A4 /* SimpleProxy.h in Headers */,
			);
			runOnlyForDeploymentPostprocessing = 0;
		};
/* End PBXHeadersBuildPhase section */

/* Begin PBXNativeTarget section */
		28097D42243D281F00F97916 /* Zaploy */ = {
			isa = PBXNativeTarget;
			buildConfigurationList = 28097D57243D282100F97916 /* Build configuration list for PBXNativeTarget "Zaploy" */;
			buildPhases = (
				EAC33EB98306C37CE8ABB8F8 /* [CP] Check Pods Manifest.lock */,
				28097D3F243D281F00F97916 /* Sources */,
				28097D40243D281F00F97916 /* Frameworks */,
				28097D41243D281F00F97916 /* Resources */,
				64EF882BABBC053DBA8771E6 /* [CP] Embed Pods Frameworks */,
				28B8A7A0244F22D600FAE3A4 /* Embed Frameworks */,
			);
			buildRules = (
			);
			dependencies = (
				28B8A79A244F22D600FAE3A4 /* PBXTargetDependency */,
			);
			name = Zaploy;
			productName = Zaploy;
			productReference = 28097D43243D281F00F97916 /* Zaploy.app */;
			productType = "com.apple.product-type.application";
		};
		28B8A793244F22D600FAE3A4 /* PseudoSmartStore */ = {
			isa = PBXNativeTarget;
			buildConfigurationList = 28B8A79D244F22D600FAE3A4 /* Build configuration list for PBXNativeTarget "PseudoSmartStore" */;
			buildPhases = (
				5B1B0284AE44BF5F59471D7E /* [CP] Check Pods Manifest.lock */,
				28B8A78F244F22D600FAE3A4 /* Headers */,
				28B8A790244F22D600FAE3A4 /* Sources */,
				28B8A791244F22D600FAE3A4 /* Frameworks */,
				28B8A792244F22D600FAE3A4 /* Resources */,
			);
			buildRules = (
			);
			dependencies = (
			);
			name = PseudoSmartStore;
			productName = PseudoSmartStore;
			productReference = 28B8A794244F22D600FAE3A4 /* PseudoSmartStore.framework */;
			productType = "com.apple.product-type.framework";
		};
/* End PBXNativeTarget section */

/* Begin PBXProject section */
		28097D3B243D281F00F97916 /* Project object */ = {
			isa = PBXProject;
			attributes = {
				LastSwiftUpdateCheck = 1140;
				LastUpgradeCheck = 1140;
				ORGANIZATIONNAME = "Dmitrii Trofimov";
				TargetAttributes = {
					28097D42243D281F00F97916 = {
						CreatedOnToolsVersion = 11.4;
						LastSwiftMigration = 1140;
					};
					28B8A793244F22D600FAE3A4 = {
						CreatedOnToolsVersion = 11.4;
					};
				};
			};
			buildConfigurationList = 28097D3E243D281F00F97916 /* Build configuration list for PBXProject "Zaploy" */;
			compatibilityVersion = "Xcode 9.3";
			developmentRegion = en;
			hasScannedForEncodings = 0;
			knownRegions = (
				en,
				Base,
			);
			mainGroup = 28097D3A243D281F00F97916;
			productRefGroup = 28097D44243D281F00F97916 /* Products */;
			projectDirPath = "";
			projectRoot = "";
			targets = (
				28097D42243D281F00F97916 /* Zaploy */,
				28B8A793244F22D600FAE3A4 /* PseudoSmartStore */,
			);
		};
/* End PBXProject section */

/* Begin PBXResourcesBuildPhase section */
		28097D41243D281F00F97916 /* Resources */ = {
			isa = PBXResourcesBuildPhase;
			buildActionMask = 2147483647;
			files = (
				28097D5B243D397400F97916 /* bootconfig.plist in Resources */,
				28097D53243D282100F97916 /* LaunchScreen.storyboard in Resources */,
				28097D50243D282100F97916 /* Preview Assets.xcassets in Resources */,
				28097D4D243D282100F97916 /* Assets.xcassets in Resources */,
			);
			runOnlyForDeploymentPostprocessing = 0;
		};
		28B8A792244F22D600FAE3A4 /* Resources */ = {
			isa = PBXResourcesBuildPhase;
			buildActionMask = 2147483647;
			files = (
			);
			runOnlyForDeploymentPostprocessing = 0;
		};
/* End PBXResourcesBuildPhase section */

/* Begin PBXShellScriptBuildPhase section */
		5B1B0284AE44BF5F59471D7E /* [CP] Check Pods Manifest.lock */ = {
			isa = PBXShellScriptBuildPhase;
			buildActionMask = 2147483647;
			files = (
			);
			inputFileListPaths = (
			);
			inputPaths = (
				"${PODS_PODFILE_DIR_PATH}/Podfile.lock",
				"${PODS_ROOT}/Manifest.lock",
			);
			name = "[CP] Check Pods Manifest.lock";
			outputFileListPaths = (
			);
			outputPaths = (
				"$(DERIVED_FILE_DIR)/Pods-PseudoSmartStore-checkManifestLockResult.txt",
			);
			runOnlyForDeploymentPostprocessing = 0;
			shellPath = /bin/sh;
			shellScript = "diff \"${PODS_PODFILE_DIR_PATH}/Podfile.lock\" \"${PODS_ROOT}/Manifest.lock\" > /dev/null\nif [ $? != 0 ] ; then\n    # print error to STDERR\n    echo \"error: The sandbox is not in sync with the Podfile.lock. Run 'pod install' or update your CocoaPods installation.\" >&2\n    exit 1\nfi\n# This output is used by Xcode 'outputs' to avoid re-running this script phase.\necho \"SUCCESS\" > \"${SCRIPT_OUTPUT_FILE_0}\"\n";
			showEnvVarsInLog = 0;
		};
		64EF882BABBC053DBA8771E6 /* [CP] Embed Pods Frameworks */ = {
			isa = PBXShellScriptBuildPhase;
			buildActionMask = 2147483647;
			files = (
			);
			inputFileListPaths = (
				"${PODS_ROOT}/Target Support Files/Pods-Zaploy/Pods-Zaploy-frameworks-${CONFIGURATION}-input-files.xcfilelist",
			);
			name = "[CP] Embed Pods Frameworks";
			outputFileListPaths = (
				"${PODS_ROOT}/Target Support Files/Pods-Zaploy/Pods-Zaploy-frameworks-${CONFIGURATION}-output-files.xcfilelist",
			);
			runOnlyForDeploymentPostprocessing = 0;
			shellPath = /bin/sh;
			shellScript = "\"${PODS_ROOT}/Target Support Files/Pods-Zaploy/Pods-Zaploy-frameworks.sh\"\n";
			showEnvVarsInLog = 0;
		};
		EAC33EB98306C37CE8ABB8F8 /* [CP] Check Pods Manifest.lock */ = {
			isa = PBXShellScriptBuildPhase;
			buildActionMask = 2147483647;
			files = (
			);
			inputFileListPaths = (
			);
			inputPaths = (
				"${PODS_PODFILE_DIR_PATH}/Podfile.lock",
				"${PODS_ROOT}/Manifest.lock",
			);
			name = "[CP] Check Pods Manifest.lock";
			outputFileListPaths = (
			);
			outputPaths = (
				"$(DERIVED_FILE_DIR)/Pods-Zaploy-checkManifestLockResult.txt",
			);
			runOnlyForDeploymentPostprocessing = 0;
			shellPath = /bin/sh;
			shellScript = "diff \"${PODS_PODFILE_DIR_PATH}/Podfile.lock\" \"${PODS_ROOT}/Manifest.lock\" > /dev/null\nif [ $? != 0 ] ; then\n    # print error to STDERR\n    echo \"error: The sandbox is not in sync with the Podfile.lock. Run 'pod install' or update your CocoaPods installation.\" >&2\n    exit 1\nfi\n# This output is used by Xcode 'outputs' to avoid re-running this script phase.\necho \"SUCCESS\" > \"${SCRIPT_OUTPUT_FILE_0}\"\n";
			showEnvVarsInLog = 0;
		};
/* End PBXShellScriptBuildPhase section */

/* Begin PBXSourcesBuildPhase section */
		28097D3F243D281F00F97916 /* Sources */ = {
			isa = PBXSourcesBuildPhase;
			buildActionMask = 2147483647;
			files = (
				283DC3CF2472A61300DAFF60 /* HavingId.swift in Sources */,
				2879496A246538A5003C1C8E /* BaseFieldMapper.swift in Sources */,
				2879495E2462D6A6003C1C8E /* CoreDataSoupMetadataFactory.swift in Sources */,
				28D0C4C72459DE6E005529E2 /* CoreDataStack.swift in Sources */,
				286BD4322473DDA400162533 /* CompoundEntryMapper.swift in Sources */,
				28B8A7AF2450980600FAE3A4 /* AsyncLazy.swift in Sources */,
				28251CF9246C1D520083A97A /* WarningLogger.swift in Sources */,
				2879496824644374003C1C8E /* CoreDataSoup.swift in Sources */,
				283DC3C02472860B00DAFF60 /* ManagedObjectType.swift in Sources */,
				28DBED0A24800859002FE90C /* ChildRelationship.swift in Sources */,
				283DC3D12472A7F000DAFF60 /* Optional+Description.swift in Sources */,
				28653684248634980063DF83 /* CoreDataSoupRelationshipContext.swift in Sources */,
				28794975246552BE003C1C8E /* SoupEntryIdMapper.swift in Sources */,
				28D0C4B624534414005529E2 /* LoginView.swift in Sources */,
				28B53B07247557F900D226C2 /* SyncIdMapper.swift in Sources */,
				28DBED06247FF226002FE90C /* AppDelegate+WindowPatch.swift in Sources */,
				283DC3CD247297F900DAFF60 /* Result+ForceUnwrap.swift in Sources */,
				286536802484EA1E0063DF83 /* Array+RemoveAndReturn.swift in Sources */,
				28097D6A243DADC400F97916 /* PlaygroundView.swift in Sources */,
				28097D62243DA72500F97916 /* LoginManager.swift in Sources */,
				28D0C4BE2456DB74005529E2 /* AppScreenView.swift in Sources */,
				28C0D341247B9A4200AD2FE3 /* KVCProperty.swift in Sources */,
				28794979246583F8003C1C8E /* AttributesMapper.swift in Sources */,
				2840BC502447187400C2E896 /* DemoExternalSoup.swift in Sources */,
				28D0C4B124522F5F005529E2 /* LazyView.swift in Sources */,
				286BD4362474081700162533 /* CoreDataSoupMetadata.swift in Sources */,
				28B8A7AC2450534800FAE3A4 /* Model.xcdatamodeld in Sources */,
				28794973246548EB003C1C8E /* StringField.swift in Sources */,
				284DEC242476A8BA0071F32C /* Base64Field.swift in Sources */,
				28794956245AFA3E003C1C8E /* ManagedUser.swift in Sources */,
				28251CF7246C01F10083A97A /* BoolField.swift in Sources */,
				2865367E2484DE780063DF83 /* CoreDataSoupEntryUpsertQueue.swift in Sources */,
				287949662464299D003C1C8E /* SoupEntryIdConverter.swift in Sources */,
				2879495B245AFB40003C1C8E /* ManagedLead.swift in Sources */,
				28AF501F244ED43A00E6EB83 /* LeadDetailsView.swift in Sources */,
				28DBED00247E8BF5002FE90C /* Relationship.swift in Sources */,
				28794943245AAD0C003C1C8E /* Optional+ForceUnwrap.swift in Sources */,
				28DBED04247FE0E8002FE90C /* ThenTypes.swift in Sources */,
				28B8A7B52452211400FAE3A4 /* ObservableModel.swift in Sources */,
				28610F18246EB63C0077F316 /* CoreDataSoupAccessor.swift in Sources */,
				28097D6C243DC41400F97916 /* Spinner.swift in Sources */,
				284DEC262476DB390071F32C /* CurrencyField.swift in Sources */,
				28DBED0E24811B56002FE90C /* MultiTaskTracker.swift in Sources */,
				28D0C4C42459D0FC005529E2 /* UserContextManager.swift in Sources */,
				28AF501C244D96C600E6EB83 /* Then+Update.swift in Sources */,
				28794952245AF983003C1C8E /* HavingName.swift in Sources */,
				28794959245AFAFA003C1C8E /* Lead.swift in Sources */,
				28097D47243D281F00F97916 /* AppDelegate.swift in Sources */,
				2879497124653FF6003C1C8E /* SFField.swift in Sources */,
				28097D7C243DCDD400F97916 /* SyncDownPlayground.swift in Sources */,
				286536822485130B0063DF83 /* SFChildRelationship.swift in Sources */,
				28B53B092475594300D226C2 /* BaseField.swift in Sources */,
				287949602462D878003C1C8E /* MetadataSyncManager+LoadFromCache.swift in Sources */,
				2879496D24653D78003C1C8E /* FieldProtocols.swift in Sources */,
				28097D49243D281F00F97916 /* SceneDelegate.swift in Sources */,
				28B8A7B72452245A00FAE3A4 /* AppScreen.swift in Sources */,
				28794950245AF92F003C1C8E /* User.swift in Sources */,
				28794977246581B0003C1C8E /* NumberField.swift in Sources */,
				28097D67243DAB6700F97916 /* View+AnyView.swift in Sources */,
				28D0C4BA2456C449005529E2 /* UserContext.swift in Sources */,
				28B8A7B32451FC9300FAE3A4 /* AppContext.swift in Sources */,
			);
			runOnlyForDeploymentPostprocessing = 0;
		};
		28B8A790244F22D600FAE3A4 /* Sources */ = {
			isa = PBXSourcesBuildPhase;
			buildActionMask = 2147483647;
			files = (
				28B8A7A5244F23C200FAE3A4 /* SimpleProxy.m in Sources */,
				28B8A7A4244F23BA00FAE3A4 /* PseudoSmartStore.swift in Sources */,
				28B8A7AD24507ABB00FAE3A4 /* CallStackFrame.swift in Sources */,
				28B8A7A7244F254C00FAE3A4 /* String+SafeRemove.swift in Sources */,
				28B8A7A3244F23BA00FAE3A4 /* SoupEntry+Common.swift in Sources */,
				28B8A7A2244F23BA00FAE3A4 /* ExternalSoup.swift in Sources */,
			);
			runOnlyForDeploymentPostprocessing = 0;
		};
/* End PBXSourcesBuildPhase section */

/* Begin PBXTargetDependency section */
		28B8A79A244F22D600FAE3A4 /* PBXTargetDependency */ = {
			isa = PBXTargetDependency;
			target = 28B8A793244F22D600FAE3A4 /* PseudoSmartStore */;
			targetProxy = 28B8A799244F22D600FAE3A4 /* PBXContainerItemProxy */;
		};
/* End PBXTargetDependency section */

/* Begin PBXVariantGroup section */
		28097D51243D282100F97916 /* LaunchScreen.storyboard */ = {
			isa = PBXVariantGroup;
			children = (
				28097D52243D282100F97916 /* Base */,
			);
			name = LaunchScreen.storyboard;
			sourceTree = "<group>";
		};
/* End PBXVariantGroup section */

/* Begin XCBuildConfiguration section */
		28097D55243D282100F97916 /* Debug */ = {
			isa = XCBuildConfiguration;
			buildSettings = {
				ALWAYS_SEARCH_USER_PATHS = NO;
				CLANG_ANALYZER_NONNULL = YES;
				CLANG_ANALYZER_NUMBER_OBJECT_CONVERSION = YES_AGGRESSIVE;
				CLANG_CXX_LANGUAGE_STANDARD = "gnu++14";
				CLANG_CXX_LIBRARY = "libc++";
				CLANG_ENABLE_MODULES = YES;
				CLANG_ENABLE_OBJC_ARC = YES;
				CLANG_ENABLE_OBJC_WEAK = YES;
				CLANG_WARN_BLOCK_CAPTURE_AUTORELEASING = YES;
				CLANG_WARN_BOOL_CONVERSION = YES;
				CLANG_WARN_COMMA = YES;
				CLANG_WARN_CONSTANT_CONVERSION = YES;
				CLANG_WARN_DEPRECATED_OBJC_IMPLEMENTATIONS = YES;
				CLANG_WARN_DIRECT_OBJC_ISA_USAGE = YES_ERROR;
				CLANG_WARN_DOCUMENTATION_COMMENTS = YES;
				CLANG_WARN_EMPTY_BODY = YES;
				CLANG_WARN_ENUM_CONVERSION = YES;
				CLANG_WARN_INFINITE_RECURSION = YES;
				CLANG_WARN_INT_CONVERSION = YES;
				CLANG_WARN_NON_LITERAL_NULL_CONVERSION = YES;
				CLANG_WARN_OBJC_IMPLICIT_RETAIN_SELF = YES;
				CLANG_WARN_OBJC_LITERAL_CONVERSION = YES;
				CLANG_WARN_OBJC_ROOT_CLASS = YES_ERROR;
				CLANG_WARN_RANGE_LOOP_ANALYSIS = YES;
				CLANG_WARN_STRICT_PROTOTYPES = YES;
				CLANG_WARN_SUSPICIOUS_MOVE = YES;
				CLANG_WARN_UNGUARDED_AVAILABILITY = YES_AGGRESSIVE;
				CLANG_WARN_UNREACHABLE_CODE = YES;
				CLANG_WARN__DUPLICATE_METHOD_MATCH = YES;
				COPY_PHASE_STRIP = NO;
				DEBUG_INFORMATION_FORMAT = dwarf;
				ENABLE_STRICT_OBJC_MSGSEND = YES;
				ENABLE_TESTABILITY = YES;
				GCC_C_LANGUAGE_STANDARD = gnu11;
				GCC_DYNAMIC_NO_PIC = NO;
				GCC_NO_COMMON_BLOCKS = YES;
				GCC_OPTIMIZATION_LEVEL = 0;
				GCC_PREPROCESSOR_DEFINITIONS = (
					"DEBUG=1",
					"$(inherited)",
				);
				GCC_WARN_64_TO_32_BIT_CONVERSION = YES;
				GCC_WARN_ABOUT_RETURN_TYPE = YES_ERROR;
				GCC_WARN_UNDECLARED_SELECTOR = YES;
				GCC_WARN_UNINITIALIZED_AUTOS = YES_AGGRESSIVE;
				GCC_WARN_UNUSED_FUNCTION = YES;
				GCC_WARN_UNUSED_VARIABLE = YES;
				IPHONEOS_DEPLOYMENT_TARGET = 13.0;
				MTL_ENABLE_DEBUG_INFO = INCLUDE_SOURCE;
				MTL_FAST_MATH = YES;
				ONLY_ACTIVE_ARCH = YES;
				SDKROOT = iphoneos;
				SWIFT_ACTIVE_COMPILATION_CONDITIONS = DEBUG;
				SWIFT_OPTIMIZATION_LEVEL = "-Onone";
				SWIFT_VERSION = 5.0;
			};
			name = Debug;
		};
		28097D56243D282100F97916 /* Release */ = {
			isa = XCBuildConfiguration;
			buildSettings = {
				ALWAYS_SEARCH_USER_PATHS = NO;
				CLANG_ANALYZER_NONNULL = YES;
				CLANG_ANALYZER_NUMBER_OBJECT_CONVERSION = YES_AGGRESSIVE;
				CLANG_CXX_LANGUAGE_STANDARD = "gnu++14";
				CLANG_CXX_LIBRARY = "libc++";
				CLANG_ENABLE_MODULES = YES;
				CLANG_ENABLE_OBJC_ARC = YES;
				CLANG_ENABLE_OBJC_WEAK = YES;
				CLANG_WARN_BLOCK_CAPTURE_AUTORELEASING = YES;
				CLANG_WARN_BOOL_CONVERSION = YES;
				CLANG_WARN_COMMA = YES;
				CLANG_WARN_CONSTANT_CONVERSION = YES;
				CLANG_WARN_DEPRECATED_OBJC_IMPLEMENTATIONS = YES;
				CLANG_WARN_DIRECT_OBJC_ISA_USAGE = YES_ERROR;
				CLANG_WARN_DOCUMENTATION_COMMENTS = YES;
				CLANG_WARN_EMPTY_BODY = YES;
				CLANG_WARN_ENUM_CONVERSION = YES;
				CLANG_WARN_INFINITE_RECURSION = YES;
				CLANG_WARN_INT_CONVERSION = YES;
				CLANG_WARN_NON_LITERAL_NULL_CONVERSION = YES;
				CLANG_WARN_OBJC_IMPLICIT_RETAIN_SELF = YES;
				CLANG_WARN_OBJC_LITERAL_CONVERSION = YES;
				CLANG_WARN_OBJC_ROOT_CLASS = YES_ERROR;
				CLANG_WARN_RANGE_LOOP_ANALYSIS = YES;
				CLANG_WARN_STRICT_PROTOTYPES = YES;
				CLANG_WARN_SUSPICIOUS_MOVE = YES;
				CLANG_WARN_UNGUARDED_AVAILABILITY = YES_AGGRESSIVE;
				CLANG_WARN_UNREACHABLE_CODE = YES;
				CLANG_WARN__DUPLICATE_METHOD_MATCH = YES;
				COPY_PHASE_STRIP = NO;
				DEBUG_INFORMATION_FORMAT = "dwarf-with-dsym";
				ENABLE_NS_ASSERTIONS = NO;
				ENABLE_STRICT_OBJC_MSGSEND = YES;
				GCC_C_LANGUAGE_STANDARD = gnu11;
				GCC_NO_COMMON_BLOCKS = YES;
				GCC_WARN_64_TO_32_BIT_CONVERSION = YES;
				GCC_WARN_ABOUT_RETURN_TYPE = YES_ERROR;
				GCC_WARN_UNDECLARED_SELECTOR = YES;
				GCC_WARN_UNINITIALIZED_AUTOS = YES_AGGRESSIVE;
				GCC_WARN_UNUSED_FUNCTION = YES;
				GCC_WARN_UNUSED_VARIABLE = YES;
				IPHONEOS_DEPLOYMENT_TARGET = 13.0;
				MTL_ENABLE_DEBUG_INFO = NO;
				MTL_FAST_MATH = YES;
				SDKROOT = iphoneos;
				SWIFT_COMPILATION_MODE = wholemodule;
				SWIFT_OPTIMIZATION_LEVEL = "-O";
				SWIFT_VERSION = 5.0;
				VALIDATE_PRODUCT = YES;
			};
			name = Release;
		};
		28097D58243D282100F97916 /* Debug */ = {
			isa = XCBuildConfiguration;
			baseConfigurationReference = 87DCBC6CD4ECE74F6D7FDFAE /* Pods-Zaploy.debug.xcconfig */;
			buildSettings = {
				ASSETCATALOG_COMPILER_APPICON_NAME = AppIcon;
				CLANG_ENABLE_MODULES = YES;
				CODE_SIGN_STYLE = Manual;
				DEVELOPMENT_ASSET_PATHS = "\"Zaploy/Preview Content\"";
				DEVELOPMENT_TEAM = "";
				ENABLE_PREVIEWS = YES;
				INFOPLIST_FILE = Zaploy/Info.plist;
				LD_RUNPATH_SEARCH_PATHS = (
					"$(inherited)",
					"@executable_path/Frameworks",
				);
				PRODUCT_BUNDLE_IDENTIFIER = com.dmitriitrofimov.Zaploy;
				PRODUCT_NAME = "$(TARGET_NAME)";
				PROVISIONING_PROFILE_SPECIFIER = "";
				SWIFT_OBJC_BRIDGING_HEADER = "Zaploy/Zaploy-Bridging-Header.h";
				SWIFT_OPTIMIZATION_LEVEL = "-Onone";
				SWIFT_VERSION = 5.0;
				TARGETED_DEVICE_FAMILY = "1,2";
			};
			name = Debug;
		};
		28097D59243D282100F97916 /* Release */ = {
			isa = XCBuildConfiguration;
			baseConfigurationReference = 27F81F8ED1A2B563452FC0B8 /* Pods-Zaploy.release.xcconfig */;
			buildSettings = {
				ASSETCATALOG_COMPILER_APPICON_NAME = AppIcon;
				CLANG_ENABLE_MODULES = YES;
				CODE_SIGN_STYLE = Manual;
				DEVELOPMENT_ASSET_PATHS = "\"Zaploy/Preview Content\"";
				DEVELOPMENT_TEAM = "";
				ENABLE_PREVIEWS = YES;
				INFOPLIST_FILE = Zaploy/Info.plist;
				LD_RUNPATH_SEARCH_PATHS = (
					"$(inherited)",
					"@executable_path/Frameworks",
				);
				PRODUCT_BUNDLE_IDENTIFIER = com.dmitriitrofimov.Zaploy;
				PRODUCT_NAME = "$(TARGET_NAME)";
				PROVISIONING_PROFILE_SPECIFIER = "";
				SWIFT_OBJC_BRIDGING_HEADER = "Zaploy/Zaploy-Bridging-Header.h";
				SWIFT_VERSION = 5.0;
				TARGETED_DEVICE_FAMILY = "1,2";
			};
			name = Release;
		};
		28B8A79E244F22D600FAE3A4 /* Debug */ = {
			isa = XCBuildConfiguration;
			baseConfigurationReference = CB1BC13FE02217B4054435CA /* Pods-PseudoSmartStore.debug.xcconfig */;
			buildSettings = {
				CODE_SIGN_STYLE = Automatic;
				CURRENT_PROJECT_VERSION = 1;
				DEFINES_MODULE = YES;
				DEVELOPMENT_TEAM = "";
				DYLIB_COMPATIBILITY_VERSION = 1;
				DYLIB_CURRENT_VERSION = 1;
				DYLIB_INSTALL_NAME_BASE = "@rpath";
				INFOPLIST_FILE = PseudoSmartStore/Info.plist;
				INSTALL_PATH = "$(LOCAL_LIBRARY_DIR)/Frameworks";
				LD_RUNPATH_SEARCH_PATHS = (
					"$(inherited)",
					"@executable_path/Frameworks",
					"@loader_path/Frameworks",
				);
				PRODUCT_BUNDLE_IDENTIFIER = com.dmitriitrofimov.PseudoSmartStore;
				PRODUCT_NAME = "$(TARGET_NAME:c99extidentifier)";
				SKIP_INSTALL = YES;
				SWIFT_ACTIVE_COMPILATION_CONDITIONS = "$(inherited) VERIFY_FORWARDED_CALLERS";
				SWIFT_VERSION = 5.0;
				TARGETED_DEVICE_FAMILY = "1,2";
				VERSIONING_SYSTEM = "apple-generic";
				VERSION_INFO_PREFIX = "";
			};
			name = Debug;
		};
		28B8A79F244F22D600FAE3A4 /* Release */ = {
			isa = XCBuildConfiguration;
			baseConfigurationReference = 6C4A97C3C1F76AD8FFA9F39F /* Pods-PseudoSmartStore.release.xcconfig */;
			buildSettings = {
				CODE_SIGN_STYLE = Automatic;
				CURRENT_PROJECT_VERSION = 1;
				DEFINES_MODULE = YES;
				DEVELOPMENT_TEAM = "";
				DYLIB_COMPATIBILITY_VERSION = 1;
				DYLIB_CURRENT_VERSION = 1;
				DYLIB_INSTALL_NAME_BASE = "@rpath";
				INFOPLIST_FILE = PseudoSmartStore/Info.plist;
				INSTALL_PATH = "$(LOCAL_LIBRARY_DIR)/Frameworks";
				LD_RUNPATH_SEARCH_PATHS = (
					"$(inherited)",
					"@executable_path/Frameworks",
					"@loader_path/Frameworks",
				);
				PRODUCT_BUNDLE_IDENTIFIER = com.dmitriitrofimov.PseudoSmartStore;
				PRODUCT_NAME = "$(TARGET_NAME:c99extidentifier)";
				SKIP_INSTALL = YES;
				SWIFT_ACTIVE_COMPILATION_CONDITIONS = "$(inherited) VERIFY_FORWARDED_CALLERS";
				SWIFT_VERSION = 5.0;
				TARGETED_DEVICE_FAMILY = "1,2";
				VERSIONING_SYSTEM = "apple-generic";
				VERSION_INFO_PREFIX = "";
			};
			name = Release;
		};
/* End XCBuildConfiguration section */

/* Begin XCConfigurationList section */
		28097D3E243D281F00F97916 /* Build configuration list for PBXProject "Zaploy" */ = {
			isa = XCConfigurationList;
			buildConfigurations = (
				28097D55243D282100F97916 /* Debug */,
				28097D56243D282100F97916 /* Release */,
			);
			defaultConfigurationIsVisible = 0;
			defaultConfigurationName = Release;
		};
		28097D57243D282100F97916 /* Build configuration list for PBXNativeTarget "Zaploy" */ = {
			isa = XCConfigurationList;
			buildConfigurations = (
				28097D58243D282100F97916 /* Debug */,
				28097D59243D282100F97916 /* Release */,
			);
			defaultConfigurationIsVisible = 0;
			defaultConfigurationName = Release;
		};
		28B8A79D244F22D600FAE3A4 /* Build configuration list for PBXNativeTarget "PseudoSmartStore" */ = {
			isa = XCConfigurationList;
			buildConfigurations = (
				28B8A79E244F22D600FAE3A4 /* Debug */,
				28B8A79F244F22D600FAE3A4 /* Release */,
			);
			defaultConfigurationIsVisible = 0;
			defaultConfigurationName = Release;
		};
/* End XCConfigurationList section */

/* Begin XCVersionGroup section */
		28B8A7AA2450534800FAE3A4 /* Model.xcdatamodeld */ = {
			isa = XCVersionGroup;
			children = (
				28B8A7AB2450534800FAE3A4 /* Model.xcdatamodel */,
			);
			currentVersion = 28B8A7AB2450534800FAE3A4 /* Model.xcdatamodel */;
			path = Model.xcdatamodeld;
			sourceTree = "<group>";
			versionGroupType = wrapper.xcdatamodel;
		};
/* End XCVersionGroup section */
	};
	rootObject = 28097D3B243D281F00F97916 /* Project object */;
}
