// !$*UTF8*$!
{
	archiveVersion = 1;
	classes = {
	};
	objectVersion = 51;
	objects = {

/* Begin PBXBuildFile section */
		28097D47243D281F00F97916 /* AppDelegate.swift in Sources */ = {isa = PBXBuildFile; fileRef = 28097D46243D281F00F97916 /* AppDelegate.swift */; };
		28097D49243D281F00F97916 /* SceneDelegate.swift in Sources */ = {isa = PBXBuildFile; fileRef = 28097D48243D281F00F97916 /* SceneDelegate.swift */; };
		28097D4D243D282100F97916 /* Assets.xcassets in Resources */ = {isa = PBXBuildFile; fileRef = 28097D4C243D282100F97916 /* Assets.xcassets */; };
		28097D50243D282100F97916 /* Preview Assets.xcassets in Resources */ = {isa = PBXBuildFile; fileRef = 28097D4F243D282100F97916 /* Preview Assets.xcassets */; };
		28097D53243D282100F97916 /* LaunchScreen.storyboard in Resources */ = {isa = PBXBuildFile; fileRef = 28097D51243D282100F97916 /* LaunchScreen.storyboard */; };
		28097D5B243D397400F97916 /* bootconfig.plist in Resources */ = {isa = PBXBuildFile; fileRef = 28097D5A243D397400F97916 /* bootconfig.plist */; };
		28097D60243DA6BA00F97916 /* LoginStatusView.swift in Sources */ = {isa = PBXBuildFile; fileRef = 28097D5F243DA6BA00F97916 /* LoginStatusView.swift */; };
		28097D62243DA72500F97916 /* LoginManager.swift in Sources */ = {isa = PBXBuildFile; fileRef = 28097D61243DA72500F97916 /* LoginManager.swift */; };
		28097D67243DAB6700F97916 /* View+AnyView.swift in Sources */ = {isa = PBXBuildFile; fileRef = 28097D66243DAB6700F97916 /* View+AnyView.swift */; };
		28097D6A243DADC400F97916 /* PlaygroundView.swift in Sources */ = {isa = PBXBuildFile; fileRef = 28097D69243DADC400F97916 /* PlaygroundView.swift */; };
		28097D6C243DC41400F97916 /* Spinner.swift in Sources */ = {isa = PBXBuildFile; fileRef = 28097D6B243DC41400F97916 /* Spinner.swift */; };
		28097D7A243DCC1800F97916 /* SimpleProxy.m in Sources */ = {isa = PBXBuildFile; fileRef = 28097D79243DCC1800F97916 /* SimpleProxy.m */; };
		28097D7C243DCDD400F97916 /* SyncDownPlayground.swift in Sources */ = {isa = PBXBuildFile; fileRef = 28097D7B243DCDD400F97916 /* SyncDownPlayground.swift */; };
		28097D80243EF88000F97916 /* SmartStoreProxy.swift in Sources */ = {isa = PBXBuildFile; fileRef = 28097D7F243EF88000F97916 /* SmartStoreProxy.swift */; };
		28097D832440618C00F97916 /* CallStackFrame.swift in Sources */ = {isa = PBXBuildFile; fileRef = 28097D822440618C00F97916 /* CallStackFrame.swift */; };
		2840BC492445B3CB00C2E896 /* ExternalSoup.swift in Sources */ = {isa = PBXBuildFile; fileRef = 2840BC482445B3CB00C2E896 /* ExternalSoup.swift */; };
		2840BC4B2445B46900C2E896 /* NSDictionary+SoupEntry.swift in Sources */ = {isa = PBXBuildFile; fileRef = 2840BC4A2445B46900C2E896 /* NSDictionary+SoupEntry.swift */; };
		2840BC502447187400C2E896 /* DemoExternalSoup.swift in Sources */ = {isa = PBXBuildFile; fileRef = 2840BC4F2447187400C2E896 /* DemoExternalSoup.swift */; };
		2840BC52244836FE00C2E896 /* String+SafeRemove.swift in Sources */ = {isa = PBXBuildFile; fileRef = 2840BC51244836FE00C2E896 /* String+SafeRemove.swift */; };
		28AF501C244D96C600E6EB83 /* Then+Update.swift in Sources */ = {isa = PBXBuildFile; fileRef = 28AF501B244D96C600E6EB83 /* Then+Update.swift */; };
		902F10E86C78C3FCB2F1A34F /* Pods_Zaploy.framework in Frameworks */ = {isa = PBXBuildFile; fileRef = D2978527E0375EDFF1938411 /* Pods_Zaploy.framework */; };
/* End PBXBuildFile section */

/* Begin PBXFileReference section */
		27F81F8ED1A2B563452FC0B8 /* Pods-Zaploy.release.xcconfig */ = {isa = PBXFileReference; includeInIndex = 1; lastKnownFileType = text.xcconfig; name = "Pods-Zaploy.release.xcconfig"; path = "Target Support Files/Pods-Zaploy/Pods-Zaploy.release.xcconfig"; sourceTree = "<group>"; };
		28097D43243D281F00F97916 /* Zaploy.app */ = {isa = PBXFileReference; explicitFileType = wrapper.application; includeInIndex = 0; path = Zaploy.app; sourceTree = BUILT_PRODUCTS_DIR; };
		28097D46243D281F00F97916 /* AppDelegate.swift */ = {isa = PBXFileReference; lastKnownFileType = sourcecode.swift; path = AppDelegate.swift; sourceTree = "<group>"; };
		28097D48243D281F00F97916 /* SceneDelegate.swift */ = {isa = PBXFileReference; lastKnownFileType = sourcecode.swift; path = SceneDelegate.swift; sourceTree = "<group>"; };
		28097D4C243D282100F97916 /* Assets.xcassets */ = {isa = PBXFileReference; lastKnownFileType = folder.assetcatalog; path = Assets.xcassets; sourceTree = "<group>"; };
		28097D4F243D282100F97916 /* Preview Assets.xcassets */ = {isa = PBXFileReference; lastKnownFileType = folder.assetcatalog; path = "Preview Assets.xcassets"; sourceTree = "<group>"; };
		28097D52243D282100F97916 /* Base */ = {isa = PBXFileReference; lastKnownFileType = file.storyboard; name = Base; path = Base.lproj/LaunchScreen.storyboard; sourceTree = "<group>"; };
		28097D54243D282100F97916 /* Info.plist */ = {isa = PBXFileReference; lastKnownFileType = text.plist.xml; path = Info.plist; sourceTree = "<group>"; };
		28097D5A243D397400F97916 /* bootconfig.plist */ = {isa = PBXFileReference; fileEncoding = 4; lastKnownFileType = text.plist.xml; path = bootconfig.plist; sourceTree = "<group>"; };
		28097D5F243DA6BA00F97916 /* LoginStatusView.swift */ = {isa = PBXFileReference; lastKnownFileType = sourcecode.swift; path = LoginStatusView.swift; sourceTree = "<group>"; };
		28097D61243DA72500F97916 /* LoginManager.swift */ = {isa = PBXFileReference; lastKnownFileType = sourcecode.swift; path = LoginManager.swift; sourceTree = "<group>"; };
		28097D66243DAB6700F97916 /* View+AnyView.swift */ = {isa = PBXFileReference; fileEncoding = 4; lastKnownFileType = sourcecode.swift; path = "View+AnyView.swift"; sourceTree = "<group>"; };
		28097D69243DADC400F97916 /* PlaygroundView.swift */ = {isa = PBXFileReference; lastKnownFileType = sourcecode.swift; path = PlaygroundView.swift; sourceTree = "<group>"; };
		28097D6B243DC41400F97916 /* Spinner.swift */ = {isa = PBXFileReference; lastKnownFileType = sourcecode.swift; path = Spinner.swift; sourceTree = "<group>"; };
		28097D77243DCC1800F97916 /* Zaploy-Bridging-Header.h */ = {isa = PBXFileReference; lastKnownFileType = sourcecode.c.h; path = "Zaploy-Bridging-Header.h"; sourceTree = "<group>"; };
		28097D78243DCC1800F97916 /* SimpleProxy.h */ = {isa = PBXFileReference; lastKnownFileType = sourcecode.c.h; path = SimpleProxy.h; sourceTree = "<group>"; };
		28097D79243DCC1800F97916 /* SimpleProxy.m */ = {isa = PBXFileReference; lastKnownFileType = sourcecode.c.objc; path = SimpleProxy.m; sourceTree = "<group>"; };
		28097D7B243DCDD400F97916 /* SyncDownPlayground.swift */ = {isa = PBXFileReference; lastKnownFileType = sourcecode.swift; path = SyncDownPlayground.swift; sourceTree = "<group>"; };
		28097D7F243EF88000F97916 /* SmartStoreProxy.swift */ = {isa = PBXFileReference; lastKnownFileType = sourcecode.swift; path = SmartStoreProxy.swift; sourceTree = "<group>"; };
		28097D822440618C00F97916 /* CallStackFrame.swift */ = {isa = PBXFileReference; lastKnownFileType = sourcecode.swift; path = CallStackFrame.swift; sourceTree = "<group>"; };
		2840BC482445B3CB00C2E896 /* ExternalSoup.swift */ = {isa = PBXFileReference; lastKnownFileType = sourcecode.swift; path = ExternalSoup.swift; sourceTree = "<group>"; };
		2840BC4A2445B46900C2E896 /* NSDictionary+SoupEntry.swift */ = {isa = PBXFileReference; lastKnownFileType = sourcecode.swift; path = "NSDictionary+SoupEntry.swift"; sourceTree = "<group>"; };
		2840BC4F2447187400C2E896 /* DemoExternalSoup.swift */ = {isa = PBXFileReference; lastKnownFileType = sourcecode.swift; path = DemoExternalSoup.swift; sourceTree = "<group>"; };
		2840BC51244836FE00C2E896 /* String+SafeRemove.swift */ = {isa = PBXFileReference; lastKnownFileType = sourcecode.swift; path = "String+SafeRemove.swift"; sourceTree = "<group>"; };
		28AF501B244D96C600E6EB83 /* Then+Update.swift */ = {isa = PBXFileReference; lastKnownFileType = sourcecode.swift; path = "Then+Update.swift"; sourceTree = "<group>"; };
		87DCBC6CD4ECE74F6D7FDFAE /* Pods-Zaploy.debug.xcconfig */ = {isa = PBXFileReference; includeInIndex = 1; lastKnownFileType = text.xcconfig; name = "Pods-Zaploy.debug.xcconfig"; path = "Target Support Files/Pods-Zaploy/Pods-Zaploy.debug.xcconfig"; sourceTree = "<group>"; };
		D2978527E0375EDFF1938411 /* Pods_Zaploy.framework */ = {isa = PBXFileReference; explicitFileType = wrapper.framework; includeInIndex = 0; path = Pods_Zaploy.framework; sourceTree = BUILT_PRODUCTS_DIR; };
/* End PBXFileReference section */

/* Begin PBXFrameworksBuildPhase section */
		28097D40243D281F00F97916 /* Frameworks */ = {
			isa = PBXFrameworksBuildPhase;
			buildActionMask = 2147483647;
			files = (
				902F10E86C78C3FCB2F1A34F /* Pods_Zaploy.framework in Frameworks */,
			);
			runOnlyForDeploymentPostprocessing = 0;
		};
/* End PBXFrameworksBuildPhase section */

/* Begin PBXGroup section */
		28097D3A243D281F00F97916 = {
			isa = PBXGroup;
			children = (
				28097D45243D281F00F97916 /* Zaploy */,
				28097D44243D281F00F97916 /* Products */,
				6C1DBF1F04B63BE20A2FC863 /* Pods */,
				D9328C180863F996334CE1CA /* Frameworks */,
			);
			sourceTree = "<group>";
		};
		28097D44243D281F00F97916 /* Products */ = {
			isa = PBXGroup;
			children = (
				28097D43243D281F00F97916 /* Zaploy.app */,
			);
			name = Products;
			sourceTree = "<group>";
		};
		28097D45243D281F00F97916 /* Zaploy */ = {
			isa = PBXGroup;
			children = (
				28097D5A243D397400F97916 /* bootconfig.plist */,
				28097D46243D281F00F97916 /* AppDelegate.swift */,
				28097D48243D281F00F97916 /* SceneDelegate.swift */,
				28097D812440616B00F97916 /* Utils */,
				28AD10C9244465BC0087E0BD /* ExtendedSmartStore */,
				28097D65243DAB0200F97916 /* Model */,
				28097D5C243DA67200F97916 /* Presentation */,
				28097D4C243D282100F97916 /* Assets.xcassets */,
				28097D51243D282100F97916 /* LaunchScreen.storyboard */,
				28097D54243D282100F97916 /* Info.plist */,
				28097D77243DCC1800F97916 /* Zaploy-Bridging-Header.h */,
				28097D4E243D282100F97916 /* Preview Content */,
			);
			path = Zaploy;
			sourceTree = "<group>";
		};
		28097D4E243D282100F97916 /* Preview Content */ = {
			isa = PBXGroup;
			children = (
				28097D4F243D282100F97916 /* Preview Assets.xcassets */,
			);
			path = "Preview Content";
			sourceTree = "<group>";
		};
		28097D5C243DA67200F97916 /* Presentation */ = {
			isa = PBXGroup;
			children = (
				28097D63243DAAE300F97916 /* Utils */,
				28097D64243DAAE900F97916 /* Screens */,
			);
			path = Presentation;
			sourceTree = "<group>";
		};
		28097D5E243DA6AF00F97916 /* LoginStatus */ = {
			isa = PBXGroup;
			children = (
				28097D5F243DA6BA00F97916 /* LoginStatusView.swift */,
			);
			path = LoginStatus;
			sourceTree = "<group>";
		};
		28097D63243DAAE300F97916 /* Utils */ = {
			isa = PBXGroup;
			children = (
				28097D66243DAB6700F97916 /* View+AnyView.swift */,
				28097D6B243DC41400F97916 /* Spinner.swift */,
			);
			path = Utils;
			sourceTree = "<group>";
		};
		28097D64243DAAE900F97916 /* Screens */ = {
			isa = PBXGroup;
			children = (
				28097D68243DAD5B00F97916 /* Playground */,
				28097D5E243DA6AF00F97916 /* LoginStatus */,
			);
			path = Screens;
			sourceTree = "<group>";
		};
		28097D65243DAB0200F97916 /* Model */ = {
			isa = PBXGroup;
			children = (
				28097D61243DA72500F97916 /* LoginManager.swift */,
				28097D7B243DCDD400F97916 /* SyncDownPlayground.swift */,
				2840BC4F2447187400C2E896 /* DemoExternalSoup.swift */,
			);
			path = Model;
			sourceTree = "<group>";
		};
		28097D68243DAD5B00F97916 /* Playground */ = {
			isa = PBXGroup;
			children = (
				28097D69243DADC400F97916 /* PlaygroundView.swift */,
			);
			path = Playground;
			sourceTree = "<group>";
		};
		28097D812440616B00F97916 /* Utils */ = {
			isa = PBXGroup;
			children = (
				28097D822440618C00F97916 /* CallStackFrame.swift */,
				2840BC51244836FE00C2E896 /* String+SafeRemove.swift */,
				28AF501B244D96C600E6EB83 /* Then+Update.swift */,
			);
			path = Utils;
			sourceTree = "<group>";
		};
		28AD10C9244465BC0087E0BD /* ExtendedSmartStore */ = {
			isa = PBXGroup;
			children = (
				2840BC482445B3CB00C2E896 /* ExternalSoup.swift */,
				2840BC4A2445B46900C2E896 /* NSDictionary+SoupEntry.swift */,
				28097D7F243EF88000F97916 /* SmartStoreProxy.swift */,
				28097D78243DCC1800F97916 /* SimpleProxy.h */,
				28097D79243DCC1800F97916 /* SimpleProxy.m */,
			);
			path = ExtendedSmartStore;
			sourceTree = "<group>";
		};
		6C1DBF1F04B63BE20A2FC863 /* Pods */ = {
			isa = PBXGroup;
			children = (
				87DCBC6CD4ECE74F6D7FDFAE /* Pods-Zaploy.debug.xcconfig */,
				27F81F8ED1A2B563452FC0B8 /* Pods-Zaploy.release.xcconfig */,
			);
			path = Pods;
			sourceTree = "<group>";
		};
		D9328C180863F996334CE1CA /* Frameworks */ = {
			isa = PBXGroup;
			children = (
				D2978527E0375EDFF1938411 /* Pods_Zaploy.framework */,
			);
			name = Frameworks;
			sourceTree = "<group>";
		};
/* End PBXGroup section */

/* Begin PBXNativeTarget section */
		28097D42243D281F00F97916 /* Zaploy */ = {
			isa = PBXNativeTarget;
			buildConfigurationList = 28097D57243D282100F97916 /* Build configuration list for PBXNativeTarget "Zaploy" */;
			buildPhases = (
				EAC33EB98306C37CE8ABB8F8 /* [CP] Check Pods Manifest.lock */,
				28097D3F243D281F00F97916 /* Sources */,
				28097D40243D281F00F97916 /* Frameworks */,
				28097D41243D281F00F97916 /* Resources */,
				64EF882BABBC053DBA8771E6 /* [CP] Embed Pods Frameworks */,
			);
			buildRules = (
			);
			dependencies = (
			);
			name = Zaploy;
			productName = Zaploy;
			productReference = 28097D43243D281F00F97916 /* Zaploy.app */;
			productType = "com.apple.product-type.application";
		};
/* End PBXNativeTarget section */

/* Begin PBXProject section */
		28097D3B243D281F00F97916 /* Project object */ = {
			isa = PBXProject;
			attributes = {
				LastSwiftUpdateCheck = 1140;
				LastUpgradeCheck = 1140;
				ORGANIZATIONNAME = "Dmitrii Trofimov";
				TargetAttributes = {
					28097D42243D281F00F97916 = {
						CreatedOnToolsVersion = 11.4;
						LastSwiftMigration = 1140;
					};
				};
			};
			buildConfigurationList = 28097D3E243D281F00F97916 /* Build configuration list for PBXProject "Zaploy" */;
			compatibilityVersion = "Xcode 9.3";
			developmentRegion = en;
			hasScannedForEncodings = 0;
			knownRegions = (
				en,
				Base,
			);
			mainGroup = 28097D3A243D281F00F97916;
			productRefGroup = 28097D44243D281F00F97916 /* Products */;
			projectDirPath = "";
			projectRoot = "";
			targets = (
				28097D42243D281F00F97916 /* Zaploy */,
			);
		};
/* End PBXProject section */

/* Begin PBXResourcesBuildPhase section */
		28097D41243D281F00F97916 /* Resources */ = {
			isa = PBXResourcesBuildPhase;
			buildActionMask = 2147483647;
			files = (
				28097D5B243D397400F97916 /* bootconfig.plist in Resources */,
				28097D53243D282100F97916 /* LaunchScreen.storyboard in Resources */,
				28097D50243D282100F97916 /* Preview Assets.xcassets in Resources */,
				28097D4D243D282100F97916 /* Assets.xcassets in Resources */,
			);
			runOnlyForDeploymentPostprocessing = 0;
		};
/* End PBXResourcesBuildPhase section */

/* Begin PBXShellScriptBuildPhase section */
		64EF882BABBC053DBA8771E6 /* [CP] Embed Pods Frameworks */ = {
			isa = PBXShellScriptBuildPhase;
			buildActionMask = 2147483647;
			files = (
			);
			inputFileListPaths = (
				"${PODS_ROOT}/Target Support Files/Pods-Zaploy/Pods-Zaploy-frameworks-${CONFIGURATION}-input-files.xcfilelist",
			);
			name = "[CP] Embed Pods Frameworks";
			outputFileListPaths = (
				"${PODS_ROOT}/Target Support Files/Pods-Zaploy/Pods-Zaploy-frameworks-${CONFIGURATION}-output-files.xcfilelist",
			);
			runOnlyForDeploymentPostprocessing = 0;
			shellPath = /bin/sh;
			shellScript = "\"${PODS_ROOT}/Target Support Files/Pods-Zaploy/Pods-Zaploy-frameworks.sh\"\n";
			showEnvVarsInLog = 0;
		};
		EAC33EB98306C37CE8ABB8F8 /* [CP] Check Pods Manifest.lock */ = {
			isa = PBXShellScriptBuildPhase;
			buildActionMask = 2147483647;
			files = (
			);
			inputFileListPaths = (
			);
			inputPaths = (
				"${PODS_PODFILE_DIR_PATH}/Podfile.lock",
				"${PODS_ROOT}/Manifest.lock",
			);
			name = "[CP] Check Pods Manifest.lock";
			outputFileListPaths = (
			);
			outputPaths = (
				"$(DERIVED_FILE_DIR)/Pods-Zaploy-checkManifestLockResult.txt",
			);
			runOnlyForDeploymentPostprocessing = 0;
			shellPath = /bin/sh;
			shellScript = "diff \"${PODS_PODFILE_DIR_PATH}/Podfile.lock\" \"${PODS_ROOT}/Manifest.lock\" > /dev/null\nif [ $? != 0 ] ; then\n    # print error to STDERR\n    echo \"error: The sandbox is not in sync with the Podfile.lock. Run 'pod install' or update your CocoaPods installation.\" >&2\n    exit 1\nfi\n# This output is used by Xcode 'outputs' to avoid re-running this script phase.\necho \"SUCCESS\" > \"${SCRIPT_OUTPUT_FILE_0}\"\n";
			showEnvVarsInLog = 0;
		};
/* End PBXShellScriptBuildPhase section */

/* Begin PBXSourcesBuildPhase section */
		28097D3F243D281F00F97916 /* Sources */ = {
			isa = PBXSourcesBuildPhase;
			buildActionMask = 2147483647;
			files = (
				28097D6A243DADC400F97916 /* PlaygroundView.swift in Sources */,
				28097D62243DA72500F97916 /* LoginManager.swift in Sources */,
				2840BC502447187400C2E896 /* DemoExternalSoup.swift in Sources */,
				2840BC492445B3CB00C2E896 /* ExternalSoup.swift in Sources */,
				28097D7A243DCC1800F97916 /* SimpleProxy.m in Sources */,
				28097D832440618C00F97916 /* CallStackFrame.swift in Sources */,
				28097D60243DA6BA00F97916 /* LoginStatusView.swift in Sources */,
				28097D80243EF88000F97916 /* SmartStoreProxy.swift in Sources */,
				28097D6C243DC41400F97916 /* Spinner.swift in Sources */,
				28AF501C244D96C600E6EB83 /* Then+Update.swift in Sources */,
				28097D47243D281F00F97916 /* AppDelegate.swift in Sources */,
				28097D7C243DCDD400F97916 /* SyncDownPlayground.swift in Sources */,
				28097D49243D281F00F97916 /* SceneDelegate.swift in Sources */,
				2840BC52244836FE00C2E896 /* String+SafeRemove.swift in Sources */,
				28097D67243DAB6700F97916 /* View+AnyView.swift in Sources */,
				2840BC4B2445B46900C2E896 /* NSDictionary+SoupEntry.swift in Sources */,
			);
			runOnlyForDeploymentPostprocessing = 0;
		};
/* End PBXSourcesBuildPhase section */

/* Begin PBXVariantGroup section */
		28097D51243D282100F97916 /* LaunchScreen.storyboard */ = {
			isa = PBXVariantGroup;
			children = (
				28097D52243D282100F97916 /* Base */,
			);
			name = LaunchScreen.storyboard;
			sourceTree = "<group>";
		};
/* End PBXVariantGroup section */

/* Begin XCBuildConfiguration section */
		28097D55243D282100F97916 /* Debug */ = {
			isa = XCBuildConfiguration;
			buildSettings = {
				ALWAYS_SEARCH_USER_PATHS = NO;
				CLANG_ANALYZER_NONNULL = YES;
				CLANG_ANALYZER_NUMBER_OBJECT_CONVERSION = YES_AGGRESSIVE;
				CLANG_CXX_LANGUAGE_STANDARD = "gnu++14";
				CLANG_CXX_LIBRARY = "libc++";
				CLANG_ENABLE_MODULES = YES;
				CLANG_ENABLE_OBJC_ARC = YES;
				CLANG_ENABLE_OBJC_WEAK = YES;
				CLANG_WARN_BLOCK_CAPTURE_AUTORELEASING = YES;
				CLANG_WARN_BOOL_CONVERSION = YES;
				CLANG_WARN_COMMA = YES;
				CLANG_WARN_CONSTANT_CONVERSION = YES;
				CLANG_WARN_DEPRECATED_OBJC_IMPLEMENTATIONS = YES;
				CLANG_WARN_DIRECT_OBJC_ISA_USAGE = YES_ERROR;
				CLANG_WARN_DOCUMENTATION_COMMENTS = YES;
				CLANG_WARN_EMPTY_BODY = YES;
				CLANG_WARN_ENUM_CONVERSION = YES;
				CLANG_WARN_INFINITE_RECURSION = YES;
				CLANG_WARN_INT_CONVERSION = YES;
				CLANG_WARN_NON_LITERAL_NULL_CONVERSION = YES;
				CLANG_WARN_OBJC_IMPLICIT_RETAIN_SELF = YES;
				CLANG_WARN_OBJC_LITERAL_CONVERSION = YES;
				CLANG_WARN_OBJC_ROOT_CLASS = YES_ERROR;
				CLANG_WARN_RANGE_LOOP_ANALYSIS = YES;
				CLANG_WARN_STRICT_PROTOTYPES = YES;
				CLANG_WARN_SUSPICIOUS_MOVE = YES;
				CLANG_WARN_UNGUARDED_AVAILABILITY = YES_AGGRESSIVE;
				CLANG_WARN_UNREACHABLE_CODE = YES;
				CLANG_WARN__DUPLICATE_METHOD_MATCH = YES;
				COPY_PHASE_STRIP = NO;
				DEBUG_INFORMATION_FORMAT = dwarf;
				ENABLE_STRICT_OBJC_MSGSEND = YES;
				ENABLE_TESTABILITY = YES;
				GCC_C_LANGUAGE_STANDARD = gnu11;
				GCC_DYNAMIC_NO_PIC = NO;
				GCC_NO_COMMON_BLOCKS = YES;
				GCC_OPTIMIZATION_LEVEL = 0;
				GCC_PREPROCESSOR_DEFINITIONS = (
					"DEBUG=1",
					"$(inherited)",
				);
				GCC_WARN_64_TO_32_BIT_CONVERSION = YES;
				GCC_WARN_ABOUT_RETURN_TYPE = YES_ERROR;
				GCC_WARN_UNDECLARED_SELECTOR = YES;
				GCC_WARN_UNINITIALIZED_AUTOS = YES_AGGRESSIVE;
				GCC_WARN_UNUSED_FUNCTION = YES;
				GCC_WARN_UNUSED_VARIABLE = YES;
				IPHONEOS_DEPLOYMENT_TARGET = 13.0;
				MTL_ENABLE_DEBUG_INFO = INCLUDE_SOURCE;
				MTL_FAST_MATH = YES;
				ONLY_ACTIVE_ARCH = YES;
				SDKROOT = iphoneos;
				SWIFT_ACTIVE_COMPILATION_CONDITIONS = DEBUG;
				SWIFT_OPTIMIZATION_LEVEL = "-Onone";
				SWIFT_VERSION = 5.0;
			};
			name = Debug;
		};
		28097D56243D282100F97916 /* Release */ = {
			isa = XCBuildConfiguration;
			buildSettings = {
				ALWAYS_SEARCH_USER_PATHS = NO;
				CLANG_ANALYZER_NONNULL = YES;
				CLANG_ANALYZER_NUMBER_OBJECT_CONVERSION = YES_AGGRESSIVE;
				CLANG_CXX_LANGUAGE_STANDARD = "gnu++14";
				CLANG_CXX_LIBRARY = "libc++";
				CLANG_ENABLE_MODULES = YES;
				CLANG_ENABLE_OBJC_ARC = YES;
				CLANG_ENABLE_OBJC_WEAK = YES;
				CLANG_WARN_BLOCK_CAPTURE_AUTORELEASING = YES;
				CLANG_WARN_BOOL_CONVERSION = YES;
				CLANG_WARN_COMMA = YES;
				CLANG_WARN_CONSTANT_CONVERSION = YES;
				CLANG_WARN_DEPRECATED_OBJC_IMPLEMENTATIONS = YES;
				CLANG_WARN_DIRECT_OBJC_ISA_USAGE = YES_ERROR;
				CLANG_WARN_DOCUMENTATION_COMMENTS = YES;
				CLANG_WARN_EMPTY_BODY = YES;
				CLANG_WARN_ENUM_CONVERSION = YES;
				CLANG_WARN_INFINITE_RECURSION = YES;
				CLANG_WARN_INT_CONVERSION = YES;
				CLANG_WARN_NON_LITERAL_NULL_CONVERSION = YES;
				CLANG_WARN_OBJC_IMPLICIT_RETAIN_SELF = YES;
				CLANG_WARN_OBJC_LITERAL_CONVERSION = YES;
				CLANG_WARN_OBJC_ROOT_CLASS = YES_ERROR;
				CLANG_WARN_RANGE_LOOP_ANALYSIS = YES;
				CLANG_WARN_STRICT_PROTOTYPES = YES;
				CLANG_WARN_SUSPICIOUS_MOVE = YES;
				CLANG_WARN_UNGUARDED_AVAILABILITY = YES_AGGRESSIVE;
				CLANG_WARN_UNREACHABLE_CODE = YES;
				CLANG_WARN__DUPLICATE_METHOD_MATCH = YES;
				COPY_PHASE_STRIP = NO;
				DEBUG_INFORMATION_FORMAT = "dwarf-with-dsym";
				ENABLE_NS_ASSERTIONS = NO;
				ENABLE_STRICT_OBJC_MSGSEND = YES;
				GCC_C_LANGUAGE_STANDARD = gnu11;
				GCC_NO_COMMON_BLOCKS = YES;
				GCC_WARN_64_TO_32_BIT_CONVERSION = YES;
				GCC_WARN_ABOUT_RETURN_TYPE = YES_ERROR;
				GCC_WARN_UNDECLARED_SELECTOR = YES;
				GCC_WARN_UNINITIALIZED_AUTOS = YES_AGGRESSIVE;
				GCC_WARN_UNUSED_FUNCTION = YES;
				GCC_WARN_UNUSED_VARIABLE = YES;
				IPHONEOS_DEPLOYMENT_TARGET = 13.0;
				MTL_ENABLE_DEBUG_INFO = NO;
				MTL_FAST_MATH = YES;
				SDKROOT = iphoneos;
				SWIFT_COMPILATION_MODE = wholemodule;
				SWIFT_OPTIMIZATION_LEVEL = "-O";
				SWIFT_VERSION = 5.0;
				VALIDATE_PRODUCT = YES;
			};
			name = Release;
		};
		28097D58243D282100F97916 /* Debug */ = {
			isa = XCBuildConfiguration;
			baseConfigurationReference = 87DCBC6CD4ECE74F6D7FDFAE /* Pods-Zaploy.debug.xcconfig */;
			buildSettings = {
				ASSETCATALOG_COMPILER_APPICON_NAME = AppIcon;
				CLANG_ENABLE_MODULES = YES;
				CODE_SIGN_STYLE = Manual;
				DEVELOPMENT_ASSET_PATHS = "\"Zaploy/Preview Content\"";
				DEVELOPMENT_TEAM = "";
				ENABLE_PREVIEWS = YES;
				INFOPLIST_FILE = Zaploy/Info.plist;
				LD_RUNPATH_SEARCH_PATHS = (
					"$(inherited)",
					"@executable_path/Frameworks",
				);
				PRODUCT_BUNDLE_IDENTIFIER = com.dmitriitrofimov.Zaploy;
				PRODUCT_NAME = "$(TARGET_NAME)";
				PROVISIONING_PROFILE_SPECIFIER = "";
				SWIFT_OBJC_BRIDGING_HEADER = "Zaploy/Zaploy-Bridging-Header.h";
				SWIFT_OPTIMIZATION_LEVEL = "-Onone";
				SWIFT_VERSION = 5.0;
				TARGETED_DEVICE_FAMILY = "1,2";
			};
			name = Debug;
		};
		28097D59243D282100F97916 /* Release */ = {
			isa = XCBuildConfiguration;
			baseConfigurationReference = 27F81F8ED1A2B563452FC0B8 /* Pods-Zaploy.release.xcconfig */;
			buildSettings = {
				ASSETCATALOG_COMPILER_APPICON_NAME = AppIcon;
				CLANG_ENABLE_MODULES = YES;
				CODE_SIGN_STYLE = Manual;
				DEVELOPMENT_ASSET_PATHS = "\"Zaploy/Preview Content\"";
				DEVELOPMENT_TEAM = "";
				ENABLE_PREVIEWS = YES;
				INFOPLIST_FILE = Zaploy/Info.plist;
				LD_RUNPATH_SEARCH_PATHS = (
					"$(inherited)",
					"@executable_path/Frameworks",
				);
				PRODUCT_BUNDLE_IDENTIFIER = com.dmitriitrofimov.Zaploy;
				PRODUCT_NAME = "$(TARGET_NAME)";
				PROVISIONING_PROFILE_SPECIFIER = "";
				SWIFT_OBJC_BRIDGING_HEADER = "Zaploy/Zaploy-Bridging-Header.h";
				SWIFT_VERSION = 5.0;
				TARGETED_DEVICE_FAMILY = "1,2";
			};
			name = Release;
		};
/* End XCBuildConfiguration section */

/* Begin XCConfigurationList section */
		28097D3E243D281F00F97916 /* Build configuration list for PBXProject "Zaploy" */ = {
			isa = XCConfigurationList;
			buildConfigurations = (
				28097D55243D282100F97916 /* Debug */,
				28097D56243D282100F97916 /* Release */,
			);
			defaultConfigurationIsVisible = 0;
			defaultConfigurationName = Release;
		};
		28097D57243D282100F97916 /* Build configuration list for PBXNativeTarget "Zaploy" */ = {
			isa = XCConfigurationList;
			buildConfigurations = (
				28097D58243D282100F97916 /* Debug */,
				28097D59243D282100F97916 /* Release */,
			);
			defaultConfigurationIsVisible = 0;
			defaultConfigurationName = Release;
		};
/* End XCConfigurationList section */
	};
	rootObject = 28097D3B243D281F00F97916 /* Project object */;
}
